// !$*UTF8*$!
{
	archiveVersion = 1;
	classes = {
	};
	objectVersion = 46;
	objects = {

/* Begin PBXBuildFile section */
		1D60589B0D05DD56006BFB54 /* main.m in Sources */ = {isa = PBXBuildFile; fileRef = 29B97316FDCFA39411CA2CEA /* main.m */; };
		1D60589F0D05DD5A006BFB54 /* Foundation.framework in Frameworks */ = {isa = PBXBuildFile; fileRef = 1D30AB110D05D00D00671497 /* Foundation.framework */; };
		1DF5F4E00D08C38300B7A737 /* UIKit.framework in Frameworks */ = {isa = PBXBuildFile; fileRef = 1DF5F4DF0D08C38300B7A737 /* UIKit.framework */; };
		288765FD0DF74451002DB57D /* CoreGraphics.framework in Frameworks */ = {isa = PBXBuildFile; fileRef = 288765FC0DF74451002DB57D /* CoreGraphics.framework */; };
		6F4F84AB136E8BA4007D027B /* MessageUI.framework in Frameworks */ = {isa = PBXBuildFile; fileRef = 6F4F84AA136E8BA4007D027B /* MessageUI.framework */; };
		6FBDA7A81303EE9B004B9617 /* Localizable.strings in Resources */ = {isa = PBXBuildFile; fileRef = 6FBDA7A61303EE9B004B9617 /* Localizable.strings */; };
		6FC2704B142C81C100BAEE9C /* ProximaNova-Bold.otf in Resources */ = {isa = PBXBuildFile; fileRef = 6FC26F9D142C81C100BAEE9C /* ProximaNova-Bold.otf */; };
		6FC2704C142C81C100BAEE9C /* ProximaNova-Regular.otf in Resources */ = {isa = PBXBuildFile; fileRef = 6FC26F9E142C81C100BAEE9C /* ProximaNova-Regular.otf */; };
		6FC2704D142C81C100BAEE9C /* cell_bkgr_brown_large.png in Resources */ = {isa = PBXBuildFile; fileRef = 6FC26FA0142C81C100BAEE9C /* cell_bkgr_brown_large.png */; };
		6FC2704E142C81C100BAEE9C /* cell_bkgr_brown_large_selected.png in Resources */ = {isa = PBXBuildFile; fileRef = 6FC26FA1142C81C100BAEE9C /* cell_bkgr_brown_large_selected.png */; };
		6FC2704F142C81C100BAEE9C /* icn_bookmark.png in Resources */ = {isa = PBXBuildFile; fileRef = 6FC26FA2142C81C100BAEE9C /* icn_bookmark.png */; };
		6FC27050142C81C100BAEE9C /* icn_folder.png in Resources */ = {isa = PBXBuildFile; fileRef = 6FC26FA3142C81C100BAEE9C /* icn_folder.png */; };
		6FC27051142C81C100BAEE9C /* strip_bkgr_green.png in Resources */ = {isa = PBXBuildFile; fileRef = 6FC26FA4142C81C100BAEE9C /* strip_bkgr_green.png */; };
		6FC27052142C81C100BAEE9C /* CoconutKit_demoAppDelegate.m in Sources */ = {isa = PBXBuildFile; fileRef = 6FC26FA8142C81C100BAEE9C /* CoconutKit_demoAppDelegate.m */; };
		6FC27053142C81C100BAEE9C /* MainWindow.xib in Resources */ = {isa = PBXBuildFile; fileRef = 6FC26FA9142C81C100BAEE9C /* MainWindow.xib */; };
		6FC27054142C81C100BAEE9C /* CoconutKit_demoApplication.m in Sources */ = {isa = PBXBuildFile; fileRef = 6FC26FAC142C81C100BAEE9C /* CoconutKit_demoApplication.m */; };
		6FC27055142C81C100BAEE9C /* MultipleViewsAnimationDemoViewController.m in Sources */ = {isa = PBXBuildFile; fileRef = 6FC26FB1142C81C100BAEE9C /* MultipleViewsAnimationDemoViewController.m */; };
		6FC27056142C81C100BAEE9C /* MultipleViewsAnimationDemoViewController.xib in Resources */ = {isa = PBXBuildFile; fileRef = 6FC26FB2142C81C100BAEE9C /* MultipleViewsAnimationDemoViewController.xib */; };
		6FC27057142C81C100BAEE9C /* SingleViewAnimationDemoViewController.m in Sources */ = {isa = PBXBuildFile; fileRef = 6FC26FB5142C81C100BAEE9C /* SingleViewAnimationDemoViewController.m */; };
		6FC27058142C81C100BAEE9C /* SingleViewAnimationDemoViewController.xib in Resources */ = {isa = PBXBuildFile; fileRef = 6FC26FB6142C81C100BAEE9C /* SingleViewAnimationDemoViewController.xib */; };
		6FC27059142C81C100BAEE9C /* ContainerCustomizationViewController.m in Sources */ = {isa = PBXBuildFile; fileRef = 6FC26FBA142C81C100BAEE9C /* ContainerCustomizationViewController.m */; };
		6FC2705A142C81C100BAEE9C /* ContainerCustomizationViewController.xib in Resources */ = {isa = PBXBuildFile; fileRef = 6FC26FBB142C81C100BAEE9C /* ContainerCustomizationViewController.xib */; };
		6FC2705B142C81C100BAEE9C /* FixedSizeLargeViewController.xib in Resources */ = {isa = PBXBuildFile; fileRef = 6FC26FBD142C81C100BAEE9C /* FixedSizeLargeViewController.xib */; };
		6FC2705C142C81C100BAEE9C /* FixedSizeViewController.m in Sources */ = {isa = PBXBuildFile; fileRef = 6FC26FBF142C81C100BAEE9C /* FixedSizeViewController.m */; };
		6FC2705D142C81C100BAEE9C /* FixedSizeViewController.xib in Resources */ = {isa = PBXBuildFile; fileRef = 6FC26FC0142C81C100BAEE9C /* FixedSizeViewController.xib */; };
		6FC2705E142C81C100BAEE9C /* HeavyViewController.m in Sources */ = {isa = PBXBuildFile; fileRef = 6FC26FC3142C81C100BAEE9C /* HeavyViewController.m */; };
		6FC2705F142C81C100BAEE9C /* HeavyViewController.xib in Resources */ = {isa = PBXBuildFile; fileRef = 6FC26FC4142C81C100BAEE9C /* HeavyViewController.xib */; };
		6FC27060142C81C100BAEE9C /* LandscapeOnlyViewController.m in Sources */ = {isa = PBXBuildFile; fileRef = 6FC26FC7142C81C100BAEE9C /* LandscapeOnlyViewController.m */; };
		6FC27061142C81C100BAEE9C /* LandscapeOnlyViewController.xib in Resources */ = {isa = PBXBuildFile; fileRef = 6FC26FC8142C81C100BAEE9C /* LandscapeOnlyViewController.xib */; };
		6FC27062142C81C100BAEE9C /* LifeCycleTestViewController.m in Sources */ = {isa = PBXBuildFile; fileRef = 6FC26FCB142C81C100BAEE9C /* LifeCycleTestViewController.m */; };
		6FC27063142C81C100BAEE9C /* LifeCycleTestViewController.xib in Resources */ = {isa = PBXBuildFile; fileRef = 6FC26FCC142C81C100BAEE9C /* LifeCycleTestViewController.xib */; };
		6FC27064142C81C100BAEE9C /* MemoryWarningTestCoverViewController.m in Sources */ = {isa = PBXBuildFile; fileRef = 6FC26FCF142C81C100BAEE9C /* MemoryWarningTestCoverViewController.m */; };
		6FC27065142C81C100BAEE9C /* MemoryWarningTestCoverViewController.xib in Resources */ = {isa = PBXBuildFile; fileRef = 6FC26FD0142C81C100BAEE9C /* MemoryWarningTestCoverViewController.xib */; };
		6FC27066142C81C100BAEE9C /* OrientationClonerLargeViewControllerLandscape.xib in Resources */ = {isa = PBXBuildFile; fileRef = 6FC26FD2142C81C100BAEE9C /* OrientationClonerLargeViewControllerLandscape.xib */; };
		6FC27067142C81C100BAEE9C /* OrientationClonerLargeViewControllerPortrait.xib in Resources */ = {isa = PBXBuildFile; fileRef = 6FC26FD3142C81C100BAEE9C /* OrientationClonerLargeViewControllerPortrait.xib */; };
		6FC27068142C81C100BAEE9C /* OrientationClonerViewController.m in Sources */ = {isa = PBXBuildFile; fileRef = 6FC26FD5142C81C100BAEE9C /* OrientationClonerViewController.m */; };
		6FC27069142C81C100BAEE9C /* OrientationClonerViewControllerLandscape.xib in Resources */ = {isa = PBXBuildFile; fileRef = 6FC26FD6142C81C100BAEE9C /* OrientationClonerViewControllerLandscape.xib */; };
		6FC2706A142C81C100BAEE9C /* OrientationClonerViewControllerPortrait.xib in Resources */ = {isa = PBXBuildFile; fileRef = 6FC26FD7142C81C100BAEE9C /* OrientationClonerViewControllerPortrait.xib */; };
		6FC2706B142C81C100BAEE9C /* PortraitOnlyViewController.m in Sources */ = {isa = PBXBuildFile; fileRef = 6FC26FDA142C81C100BAEE9C /* PortraitOnlyViewController.m */; };
		6FC2706C142C81C100BAEE9C /* PortraitOnlyViewController.xib in Resources */ = {isa = PBXBuildFile; fileRef = 6FC26FDB142C81C100BAEE9C /* PortraitOnlyViewController.xib */; };
		6FC2706D142C81C100BAEE9C /* StretchableLargeViewController.xib in Resources */ = {isa = PBXBuildFile; fileRef = 6FC26FDD142C81C100BAEE9C /* StretchableLargeViewController.xib */; };
		6FC2706E142C81C100BAEE9C /* StretchableViewController.m in Sources */ = {isa = PBXBuildFile; fileRef = 6FC26FDF142C81C100BAEE9C /* StretchableViewController.m */; };
		6FC2706F142C81C100BAEE9C /* StretchableViewController.xib in Resources */ = {isa = PBXBuildFile; fileRef = 6FC26FE0142C81C100BAEE9C /* StretchableViewController.xib */; };
		6FC27070142C81C100BAEE9C /* TransparentViewController.m in Sources */ = {isa = PBXBuildFile; fileRef = 6FC26FE3142C81C100BAEE9C /* TransparentViewController.m */; };
		6FC27071142C81C100BAEE9C /* TransparentViewController.xib in Resources */ = {isa = PBXBuildFile; fileRef = 6FC26FE4142C81C100BAEE9C /* TransparentViewController.xib */; };
		6FC27072142C81C100BAEE9C /* PDFGenerationDemoLayoutController.m in Sources */ = {isa = PBXBuildFile; fileRef = 6FC26FE7142C81C100BAEE9C /* PDFGenerationDemoLayoutController.m */; };
		6FC27073142C81C100BAEE9C /* PDFGenerationDemoLayoutController.xib in Resources */ = {isa = PBXBuildFile; fileRef = 6FC26FE8142C81C100BAEE9C /* PDFGenerationDemoLayoutController.xib */; };
		6FC27074142C81C100BAEE9C /* PDFGenerationDemoLayoutFooterView.m in Sources */ = {isa = PBXBuildFile; fileRef = 6FC26FEA142C81C100BAEE9C /* PDFGenerationDemoLayoutFooterView.m */; };
		6FC27075142C81C100BAEE9C /* PDFGenerationDemoLayoutFooterView.xib in Resources */ = {isa = PBXBuildFile; fileRef = 6FC26FEB142C81C100BAEE9C /* PDFGenerationDemoLayoutFooterView.xib */; };
		6FC27076142C81C100BAEE9C /* PDFGenerationDemoLayoutHeaderView.m in Sources */ = {isa = PBXBuildFile; fileRef = 6FC26FED142C81C100BAEE9C /* PDFGenerationDemoLayoutHeaderView.m */; };
		6FC27077142C81C100BAEE9C /* PDFGenerationDemoLayoutHeaderView.xib in Resources */ = {isa = PBXBuildFile; fileRef = 6FC26FEE142C81C100BAEE9C /* PDFGenerationDemoLayoutHeaderView.xib */; };
		6FC27078142C81C100BAEE9C /* PDFGenerationDemoLayoutTableViewCell.m in Sources */ = {isa = PBXBuildFile; fileRef = 6FC26FF0142C81C100BAEE9C /* PDFGenerationDemoLayoutTableViewCell.m */; };
		6FC27079142C81C100BAEE9C /* PDFGenerationDemoLayoutTableViewCell.xib in Resources */ = {isa = PBXBuildFile; fileRef = 6FC26FF1142C81C100BAEE9C /* PDFGenerationDemoLayoutTableViewCell.xib */; };
		6FC2707A142C81C100BAEE9C /* PDFGenerationDemoViewController.m in Sources */ = {isa = PBXBuildFile; fileRef = 6FC26FF3142C81C100BAEE9C /* PDFGenerationDemoViewController.m */; };
		6FC2707B142C81C100BAEE9C /* PDFGenerationDemoViewController.xib in Resources */ = {isa = PBXBuildFile; fileRef = 6FC26FF4142C81C100BAEE9C /* PDFGenerationDemoViewController.xib */; };
		6FC2707C142C81C100BAEE9C /* ParallelProcessingDemoViewController.m in Sources */ = {isa = PBXBuildFile; fileRef = 6FC26FF8142C81C100BAEE9C /* ParallelProcessingDemoViewController.m */; };
		6FC2707D142C81C100BAEE9C /* ParallelProcessingDemoViewController.xib in Resources */ = {isa = PBXBuildFile; fileRef = 6FC26FF9142C81C100BAEE9C /* ParallelProcessingDemoViewController.xib */; };
		6FC2707E142C81C100BAEE9C /* SleepTask.m in Sources */ = {isa = PBXBuildFile; fileRef = 6FC26FFB142C81C100BAEE9C /* SleepTask.m */; };
		6FC2707F142C81C100BAEE9C /* SleepTaskOperation.m in Sources */ = {isa = PBXBuildFile; fileRef = 6FC26FFD142C81C100BAEE9C /* SleepTaskOperation.m */; };
		6FC27080142C81C100BAEE9C /* ActionSheetDemoViewController.m in Sources */ = {isa = PBXBuildFile; fileRef = 6FC27001142C81C100BAEE9C /* ActionSheetDemoViewController.m */; };
		6FC27081142C81C100BAEE9C /* ActionSheetDemoViewController.xib in Resources */ = {isa = PBXBuildFile; fileRef = 6FC27002142C81C100BAEE9C /* ActionSheetDemoViewController.xib */; };
		6FC27082142C81C100BAEE9C /* CursorCustomPointerView.m in Sources */ = {isa = PBXBuildFile; fileRef = 6FC27005142C81C100BAEE9C /* CursorCustomPointerView.m */; };
		6FC27083142C81C100BAEE9C /* CursorCustomPointerView.xib in Resources */ = {isa = PBXBuildFile; fileRef = 6FC27006142C81C100BAEE9C /* CursorCustomPointerView.xib */; };
		6FC27084142C81C100BAEE9C /* CursorDemoViewController.m in Sources */ = {isa = PBXBuildFile; fileRef = 6FC27008142C81C100BAEE9C /* CursorDemoViewController.m */; };
		6FC27085142C81C100BAEE9C /* CursorDemoViewController.xib in Resources */ = {isa = PBXBuildFile; fileRef = 6FC27009142C81C100BAEE9C /* CursorDemoViewController.xib */; };
		6FC27086142C81C100BAEE9C /* CursorFolderView.m in Sources */ = {isa = PBXBuildFile; fileRef = 6FC2700B142C81C100BAEE9C /* CursorFolderView.m */; };
		6FC27087142C81C100BAEE9C /* CursorFolderView.xib in Resources */ = {isa = PBXBuildFile; fileRef = 6FC2700C142C81C100BAEE9C /* CursorFolderView.xib */; };
		6FC27088142C81C100BAEE9C /* CursorPointerInfoViewController.m in Sources */ = {isa = PBXBuildFile; fileRef = 6FC2700E142C81C100BAEE9C /* CursorPointerInfoViewController.m */; };
		6FC27089142C81C100BAEE9C /* CursorPointerInfoViewController.xib in Resources */ = {isa = PBXBuildFile; fileRef = 6FC2700F142C81C100BAEE9C /* CursorPointerInfoViewController.xib */; };
		6FC2708A142C81C100BAEE9C /* CursorSelectedFolderView.m in Sources */ = {isa = PBXBuildFile; fileRef = 6FC27011142C81C100BAEE9C /* CursorSelectedFolderView.m */; };
		6FC2708B142C81C100BAEE9C /* CursorSelectedFolderView.xib in Resources */ = {isa = PBXBuildFile; fileRef = 6FC27012142C81C100BAEE9C /* CursorSelectedFolderView.xib */; };
		6FC2708C142C81C100BAEE9C /* StripsDemoViewController.m in Sources */ = {isa = PBXBuildFile; fileRef = 6FC27015142C81C100BAEE9C /* StripsDemoViewController.m */; };
		6FC2708D142C81C100BAEE9C /* StripsDemoViewController.xib in Resources */ = {isa = PBXBuildFile; fileRef = 6FC27016142C81C100BAEE9C /* StripsDemoViewController.xib */; };
		6FC2708E142C81C100BAEE9C /* FooterView.m in Sources */ = {isa = PBXBuildFile; fileRef = 6FC27019142C81C100BAEE9C /* FooterView.m */; };
		6FC2708F142C81C100BAEE9C /* FooterView.xib in Resources */ = {isa = PBXBuildFile; fileRef = 6FC2701A142C81C100BAEE9C /* FooterView.xib */; };
		6FC27090142C81C100BAEE9C /* HeaderView.m in Sources */ = {isa = PBXBuildFile; fileRef = 6FC2701C142C81C100BAEE9C /* HeaderView.m */; };
		6FC27091142C81C100BAEE9C /* HeaderView.xib in Resources */ = {isa = PBXBuildFile; fileRef = 6FC2701D142C81C100BAEE9C /* HeaderView.xib */; };
		6FC27092142C81C100BAEE9C /* ProgrammaticTableViewCell.m in Sources */ = {isa = PBXBuildFile; fileRef = 6FC2701F142C81C100BAEE9C /* ProgrammaticTableViewCell.m */; };
		6FC27093142C81C100BAEE9C /* TableViewCellsDemoViewController.m in Sources */ = {isa = PBXBuildFile; fileRef = 6FC27021142C81C100BAEE9C /* TableViewCellsDemoViewController.m */; };
		6FC27094142C81C100BAEE9C /* XibTableViewCell.m in Sources */ = {isa = PBXBuildFile; fileRef = 6FC27023142C81C100BAEE9C /* XibTableViewCell.m */; };
		6FC27095142C81C100BAEE9C /* XibTableViewCell.xib in Resources */ = {isa = PBXBuildFile; fileRef = 6FC27024142C81C100BAEE9C /* XibTableViewCell.xib */; };
		6FC27096142C81C100BAEE9C /* TextFieldsDemoViewController.m in Sources */ = {isa = PBXBuildFile; fileRef = 6FC27027142C81C100BAEE9C /* TextFieldsDemoViewController.m */; };
		6FC27097142C81C100BAEE9C /* TextFieldsDemoViewController.xib in Resources */ = {isa = PBXBuildFile; fileRef = 6FC27028142C81C100BAEE9C /* TextFieldsDemoViewController.xib */; };
		6FC27098142C81C100BAEE9C /* TextFieldsLargeDemoViewController.xib in Resources */ = {isa = PBXBuildFile; fileRef = 6FC27029142C81C100BAEE9C /* TextFieldsLargeDemoViewController.xib */; };
		6FC27099142C81C100BAEE9C /* PlaceholderDemoViewController.m in Sources */ = {isa = PBXBuildFile; fileRef = 6FC2702D142C81C100BAEE9C /* PlaceholderDemoViewController.m */; };
		6FC2709A142C81C100BAEE9C /* PlaceholderDemoViewController.xib in Resources */ = {isa = PBXBuildFile; fileRef = 6FC2702E142C81C100BAEE9C /* PlaceholderDemoViewController.xib */; };
		6FC2709B142C81C100BAEE9C /* RootStackDemoViewController.m in Sources */ = {isa = PBXBuildFile; fileRef = 6FC27031142C81C100BAEE9C /* RootStackDemoViewController.m */; };
		6FC2709C142C81C100BAEE9C /* RootStackDemoViewController.xib in Resources */ = {isa = PBXBuildFile; fileRef = 6FC27032142C81C100BAEE9C /* RootStackDemoViewController.xib */; };
		6FC2709D142C81C100BAEE9C /* StackDemoViewController.m in Sources */ = {isa = PBXBuildFile; fileRef = 6FC27035142C81C100BAEE9C /* StackDemoViewController.m */; };
		6FC2709E142C81C100BAEE9C /* StackDemoViewController.xib in Resources */ = {isa = PBXBuildFile; fileRef = 6FC27036142C81C100BAEE9C /* StackDemoViewController.xib */; };
		6FC2709F142C81C100BAEE9C /* DeviceInfo.m in Sources */ = {isa = PBXBuildFile; fileRef = 6FC27039142C81C100BAEE9C /* DeviceInfo.m */; };
		6FC270A0142C81C100BAEE9C /* TableSearchDisplayDemoViewController.m in Sources */ = {isa = PBXBuildFile; fileRef = 6FC2703B142C81C100BAEE9C /* TableSearchDisplayDemoViewController.m */; };
		6FC270A1142C81C100BAEE9C /* TableSearchDisplayDemoViewController.xib in Resources */ = {isa = PBXBuildFile; fileRef = 6FC2703C142C81C100BAEE9C /* TableSearchDisplayDemoViewController.xib */; };
		6FC270A2142C81C100BAEE9C /* Customer.m in Sources */ = {isa = PBXBuildFile; fileRef = 6FC2703F142C81C100BAEE9C /* Customer.m */; };
		6FC270A3142C81C100BAEE9C /* WizardDemoViewController.m in Sources */ = {isa = PBXBuildFile; fileRef = 6FC27041142C81C100BAEE9C /* WizardDemoViewController.m */; };
		6FC270A4142C81C100BAEE9C /* WizardDemoViewController.xib in Resources */ = {isa = PBXBuildFile; fileRef = 6FC27042142C81C100BAEE9C /* WizardDemoViewController.xib */; };
		6FC270A5142C81C100BAEE9C /* WizardPageViewController.m in Sources */ = {isa = PBXBuildFile; fileRef = 6FC27044142C81C100BAEE9C /* WizardPageViewController.m */; };
		6FC270A6142C81C100BAEE9C /* WizardPageViewController.xib in Resources */ = {isa = PBXBuildFile; fileRef = 6FC27045142C81C100BAEE9C /* WizardPageViewController.xib */; };
		6FC270A7142C81C100BAEE9C /* DemosListViewController.m in Sources */ = {isa = PBXBuildFile; fileRef = 6FC27048142C81C100BAEE9C /* DemosListViewController.m */; };
		6FC900F713D4662400834900 /* CoreData.framework in Frameworks */ = {isa = PBXBuildFile; fileRef = 6FC900F613D4662400834900 /* CoreData.framework */; };
		6FEDD6E5141E455C00D59BFC /* CoconutKit_bootstrap.m in Sources */ = {isa = PBXBuildFile; fileRef = 6FEDD6D0141E455C00D59BFC /* CoconutKit_bootstrap.m */; };
		6FEDD6E6141E455C00D59BFC /* CoconutKit.framework in Frameworks */ = {isa = PBXBuildFile; fileRef = 6FEDD6D1141E455C00D59BFC /* CoconutKit.framework */; };
		6FEDD6E7141E455C00D59BFC /* CoconutKit_ButtonBarArrowLeft.png in Resources */ = {isa = PBXBuildFile; fileRef = 6FEDD6D3141E455C00D59BFC /* CoconutKit_ButtonBarArrowLeft.png */; };
		6FEDD6E8141E455C00D59BFC /* CoconutKit_ButtonBarArrowLeft@2x.png in Resources */ = {isa = PBXBuildFile; fileRef = 6FEDD6D4141E455C00D59BFC /* CoconutKit_ButtonBarArrowLeft@2x.png */; };
		6FEDD6E9141E455C00D59BFC /* CoconutKit_ButtonBarArrowRight.png in Resources */ = {isa = PBXBuildFile; fileRef = 6FEDD6D5141E455C00D59BFC /* CoconutKit_ButtonBarArrowRight.png */; };
		6FEDD6EA141E455C00D59BFC /* CoconutKit_ButtonBarArrowRight@2x.png in Resources */ = {isa = PBXBuildFile; fileRef = 6FEDD6D6141E455C00D59BFC /* CoconutKit_ButtonBarArrowRight@2x.png */; };
		6FEDD6EB141E455C00D59BFC /* CoconutKit_ButtonBarRefresh.png in Resources */ = {isa = PBXBuildFile; fileRef = 6FEDD6D7141E455C00D59BFC /* CoconutKit_ButtonBarRefresh.png */; };
		6FEDD6EC141E455C00D59BFC /* CoconutKit_ButtonBarRefresh@2x.png in Resources */ = {isa = PBXBuildFile; fileRef = 6FEDD6D8141E455C00D59BFC /* CoconutKit_ButtonBarRefresh@2x.png */; };
		6FEDD6ED141E455C00D59BFC /* CoconutKit_cursor_default_pointer.png in Resources */ = {isa = PBXBuildFile; fileRef = 6FEDD6D9141E455C00D59BFC /* CoconutKit_cursor_default_pointer.png */; };
		6FEDD6EE141E455C00D59BFC /* CoconutKit_handle_default.png in Resources */ = {isa = PBXBuildFile; fileRef = 6FEDD6DA141E455C00D59BFC /* CoconutKit_handle_default.png */; };
		6FEDD6EF141E455C00D59BFC /* CoconutKit_HLSWebViewController.xib in Resources */ = {isa = PBXBuildFile; fileRef = 6FEDD6DB141E455C00D59BFC /* CoconutKit_HLSWebViewController.xib */; };
		6FEDD6F0141E455C00D59BFC /* CoconutKit_strip_default_background.png in Resources */ = {isa = PBXBuildFile; fileRef = 6FEDD6DC141E455C00D59BFC /* CoconutKit_strip_default_background.png */; };
		6FEDD6F1141E455C00D59BFC /* CoconutKit_Localizable.strings in Resources */ = {isa = PBXBuildFile; fileRef = 6FEDD6DD141E455C00D59BFC /* CoconutKit_Localizable.strings */; };
/* End PBXBuildFile section */

/* Begin PBXFileReference section */
		1D30AB110D05D00D00671497 /* Foundation.framework */ = {isa = PBXFileReference; lastKnownFileType = wrapper.framework; name = Foundation.framework; path = System/Library/Frameworks/Foundation.framework; sourceTree = SDKROOT; };
		1D6058910D05DD3D006BFB54 /* CoconutKit-demo.app */ = {isa = PBXFileReference; explicitFileType = wrapper.application; includeInIndex = 0; path = "CoconutKit-demo.app"; sourceTree = BUILT_PRODUCTS_DIR; };
		1DF5F4DF0D08C38300B7A737 /* UIKit.framework */ = {isa = PBXFileReference; lastKnownFileType = wrapper.framework; name = UIKit.framework; path = System/Library/Frameworks/UIKit.framework; sourceTree = SDKROOT; };
		288765FC0DF74451002DB57D /* CoreGraphics.framework */ = {isa = PBXFileReference; lastKnownFileType = wrapper.framework; name = CoreGraphics.framework; path = System/Library/Frameworks/CoreGraphics.framework; sourceTree = SDKROOT; };
		29B97316FDCFA39411CA2CEA /* main.m */ = {isa = PBXFileReference; fileEncoding = 4; lastKnownFileType = sourcecode.c.objc; path = main.m; sourceTree = "<group>"; };
		32CA4F630368D1EE00C91783 /* CoconutKit-demo-Prefix.pch */ = {isa = PBXFileReference; fileEncoding = 4; lastKnownFileType = sourcecode.c.h; path = "CoconutKit-demo-Prefix.pch"; sourceTree = "<group>"; };
		6F4F84AA136E8BA4007D027B /* MessageUI.framework */ = {isa = PBXFileReference; lastKnownFileType = wrapper.framework; name = MessageUI.framework; path = System/Library/Frameworks/MessageUI.framework; sourceTree = SDKROOT; };
		6FBDA7A71303EE9B004B9617 /* en */ = {isa = PBXFileReference; fileEncoding = 4; lastKnownFileType = text.plist.strings; name = en; path = en.lproj/Localizable.strings; sourceTree = "<group>"; };
		6FBDA7A91303EEAD004B9617 /* fr */ = {isa = PBXFileReference; fileEncoding = 4; lastKnownFileType = text.plist.strings; name = fr; path = fr.lproj/Localizable.strings; sourceTree = "<group>"; };
		6FC26F9D142C81C100BAEE9C /* ProximaNova-Bold.otf */ = {isa = PBXFileReference; lastKnownFileType = file; path = "ProximaNova-Bold.otf"; sourceTree = "<group>"; };
		6FC26F9E142C81C100BAEE9C /* ProximaNova-Regular.otf */ = {isa = PBXFileReference; lastKnownFileType = file; path = "ProximaNova-Regular.otf"; sourceTree = "<group>"; };
		6FC26FA0142C81C100BAEE9C /* cell_bkgr_brown_large.png */ = {isa = PBXFileReference; lastKnownFileType = image.png; path = cell_bkgr_brown_large.png; sourceTree = "<group>"; };
		6FC26FA1142C81C100BAEE9C /* cell_bkgr_brown_large_selected.png */ = {isa = PBXFileReference; lastKnownFileType = image.png; path = cell_bkgr_brown_large_selected.png; sourceTree = "<group>"; };
		6FC26FA2142C81C100BAEE9C /* icn_bookmark.png */ = {isa = PBXFileReference; lastKnownFileType = image.png; path = icn_bookmark.png; sourceTree = "<group>"; };
		6FC26FA3142C81C100BAEE9C /* icn_folder.png */ = {isa = PBXFileReference; lastKnownFileType = image.png; path = icn_folder.png; sourceTree = "<group>"; };
		6FC26FA4142C81C100BAEE9C /* strip_bkgr_green.png */ = {isa = PBXFileReference; lastKnownFileType = image.png; path = strip_bkgr_green.png; sourceTree = "<group>"; };
		6FC26FA7142C81C100BAEE9C /* CoconutKit_demoAppDelegate.h */ = {isa = PBXFileReference; fileEncoding = 4; lastKnownFileType = sourcecode.c.h; path = CoconutKit_demoAppDelegate.h; sourceTree = "<group>"; };
		6FC26FA8142C81C100BAEE9C /* CoconutKit_demoAppDelegate.m */ = {isa = PBXFileReference; fileEncoding = 4; lastKnownFileType = sourcecode.c.objc; path = CoconutKit_demoAppDelegate.m; sourceTree = "<group>"; };
		6FC26FA9142C81C100BAEE9C /* MainWindow.xib */ = {isa = PBXFileReference; fileEncoding = 4; lastKnownFileType = file.xib; path = MainWindow.xib; sourceTree = "<group>"; };
		6FC26FAB142C81C100BAEE9C /* CoconutKit_demoApplication.h */ = {isa = PBXFileReference; fileEncoding = 4; lastKnownFileType = sourcecode.c.h; path = CoconutKit_demoApplication.h; sourceTree = "<group>"; };
		6FC26FAC142C81C100BAEE9C /* CoconutKit_demoApplication.m */ = {isa = PBXFileReference; fileEncoding = 4; lastKnownFileType = sourcecode.c.objc; path = CoconutKit_demoApplication.m; sourceTree = "<group>"; };
		6FC26FB0142C81C100BAEE9C /* MultipleViewsAnimationDemoViewController.h */ = {isa = PBXFileReference; fileEncoding = 4; lastKnownFileType = sourcecode.c.h; path = MultipleViewsAnimationDemoViewController.h; sourceTree = "<group>"; };
		6FC26FB1142C81C100BAEE9C /* MultipleViewsAnimationDemoViewController.m */ = {isa = PBXFileReference; fileEncoding = 4; lastKnownFileType = sourcecode.c.objc; path = MultipleViewsAnimationDemoViewController.m; sourceTree = "<group>"; };
		6FC26FB2142C81C100BAEE9C /* MultipleViewsAnimationDemoViewController.xib */ = {isa = PBXFileReference; fileEncoding = 4; lastKnownFileType = file.xib; path = MultipleViewsAnimationDemoViewController.xib; sourceTree = "<group>"; };
		6FC26FB4142C81C100BAEE9C /* SingleViewAnimationDemoViewController.h */ = {isa = PBXFileReference; fileEncoding = 4; lastKnownFileType = sourcecode.c.h; path = SingleViewAnimationDemoViewController.h; sourceTree = "<group>"; };
		6FC26FB5142C81C100BAEE9C /* SingleViewAnimationDemoViewController.m */ = {isa = PBXFileReference; fileEncoding = 4; lastKnownFileType = sourcecode.c.objc; path = SingleViewAnimationDemoViewController.m; sourceTree = "<group>"; };
		6FC26FB6142C81C100BAEE9C /* SingleViewAnimationDemoViewController.xib */ = {isa = PBXFileReference; fileEncoding = 4; lastKnownFileType = file.xib; path = SingleViewAnimationDemoViewController.xib; sourceTree = "<group>"; };
		6FC26FB9142C81C100BAEE9C /* ContainerCustomizationViewController.h */ = {isa = PBXFileReference; fileEncoding = 4; lastKnownFileType = sourcecode.c.h; path = ContainerCustomizationViewController.h; sourceTree = "<group>"; };
		6FC26FBA142C81C100BAEE9C /* ContainerCustomizationViewController.m */ = {isa = PBXFileReference; fileEncoding = 4; lastKnownFileType = sourcecode.c.objc; path = ContainerCustomizationViewController.m; sourceTree = "<group>"; };
		6FC26FBB142C81C100BAEE9C /* ContainerCustomizationViewController.xib */ = {isa = PBXFileReference; fileEncoding = 4; lastKnownFileType = file.xib; path = ContainerCustomizationViewController.xib; sourceTree = "<group>"; };
		6FC26FBD142C81C100BAEE9C /* FixedSizeLargeViewController.xib */ = {isa = PBXFileReference; fileEncoding = 4; lastKnownFileType = file.xib; path = FixedSizeLargeViewController.xib; sourceTree = "<group>"; };
		6FC26FBE142C81C100BAEE9C /* FixedSizeViewController.h */ = {isa = PBXFileReference; fileEncoding = 4; lastKnownFileType = sourcecode.c.h; path = FixedSizeViewController.h; sourceTree = "<group>"; };
		6FC26FBF142C81C100BAEE9C /* FixedSizeViewController.m */ = {isa = PBXFileReference; fileEncoding = 4; lastKnownFileType = sourcecode.c.objc; path = FixedSizeViewController.m; sourceTree = "<group>"; };
		6FC26FC0142C81C100BAEE9C /* FixedSizeViewController.xib */ = {isa = PBXFileReference; fileEncoding = 4; lastKnownFileType = file.xib; path = FixedSizeViewController.xib; sourceTree = "<group>"; };
		6FC26FC2142C81C100BAEE9C /* HeavyViewController.h */ = {isa = PBXFileReference; fileEncoding = 4; lastKnownFileType = sourcecode.c.h; path = HeavyViewController.h; sourceTree = "<group>"; };
		6FC26FC3142C81C100BAEE9C /* HeavyViewController.m */ = {isa = PBXFileReference; fileEncoding = 4; lastKnownFileType = sourcecode.c.objc; path = HeavyViewController.m; sourceTree = "<group>"; };
		6FC26FC4142C81C100BAEE9C /* HeavyViewController.xib */ = {isa = PBXFileReference; fileEncoding = 4; lastKnownFileType = file.xib; path = HeavyViewController.xib; sourceTree = "<group>"; };
		6FC26FC6142C81C100BAEE9C /* LandscapeOnlyViewController.h */ = {isa = PBXFileReference; fileEncoding = 4; lastKnownFileType = sourcecode.c.h; path = LandscapeOnlyViewController.h; sourceTree = "<group>"; };
		6FC26FC7142C81C100BAEE9C /* LandscapeOnlyViewController.m */ = {isa = PBXFileReference; fileEncoding = 4; lastKnownFileType = sourcecode.c.objc; path = LandscapeOnlyViewController.m; sourceTree = "<group>"; };
		6FC26FC8142C81C100BAEE9C /* LandscapeOnlyViewController.xib */ = {isa = PBXFileReference; fileEncoding = 4; lastKnownFileType = file.xib; path = LandscapeOnlyViewController.xib; sourceTree = "<group>"; };
		6FC26FCA142C81C100BAEE9C /* LifeCycleTestViewController.h */ = {isa = PBXFileReference; fileEncoding = 4; lastKnownFileType = sourcecode.c.h; path = LifeCycleTestViewController.h; sourceTree = "<group>"; };
		6FC26FCB142C81C100BAEE9C /* LifeCycleTestViewController.m */ = {isa = PBXFileReference; fileEncoding = 4; lastKnownFileType = sourcecode.c.objc; path = LifeCycleTestViewController.m; sourceTree = "<group>"; };
		6FC26FCC142C81C100BAEE9C /* LifeCycleTestViewController.xib */ = {isa = PBXFileReference; fileEncoding = 4; lastKnownFileType = file.xib; path = LifeCycleTestViewController.xib; sourceTree = "<group>"; };
		6FC26FCE142C81C100BAEE9C /* MemoryWarningTestCoverViewController.h */ = {isa = PBXFileReference; fileEncoding = 4; lastKnownFileType = sourcecode.c.h; path = MemoryWarningTestCoverViewController.h; sourceTree = "<group>"; };
		6FC26FCF142C81C100BAEE9C /* MemoryWarningTestCoverViewController.m */ = {isa = PBXFileReference; fileEncoding = 4; lastKnownFileType = sourcecode.c.objc; path = MemoryWarningTestCoverViewController.m; sourceTree = "<group>"; };
		6FC26FD0142C81C100BAEE9C /* MemoryWarningTestCoverViewController.xib */ = {isa = PBXFileReference; fileEncoding = 4; lastKnownFileType = file.xib; path = MemoryWarningTestCoverViewController.xib; sourceTree = "<group>"; };
		6FC26FD2142C81C100BAEE9C /* OrientationClonerLargeViewControllerLandscape.xib */ = {isa = PBXFileReference; fileEncoding = 4; lastKnownFileType = file.xib; path = OrientationClonerLargeViewControllerLandscape.xib; sourceTree = "<group>"; };
		6FC26FD3142C81C100BAEE9C /* OrientationClonerLargeViewControllerPortrait.xib */ = {isa = PBXFileReference; fileEncoding = 4; lastKnownFileType = file.xib; path = OrientationClonerLargeViewControllerPortrait.xib; sourceTree = "<group>"; };
		6FC26FD4142C81C100BAEE9C /* OrientationClonerViewController.h */ = {isa = PBXFileReference; fileEncoding = 4; lastKnownFileType = sourcecode.c.h; path = OrientationClonerViewController.h; sourceTree = "<group>"; };
		6FC26FD5142C81C100BAEE9C /* OrientationClonerViewController.m */ = {isa = PBXFileReference; fileEncoding = 4; lastKnownFileType = sourcecode.c.objc; path = OrientationClonerViewController.m; sourceTree = "<group>"; };
		6FC26FD6142C81C100BAEE9C /* OrientationClonerViewControllerLandscape.xib */ = {isa = PBXFileReference; fileEncoding = 4; lastKnownFileType = file.xib; path = OrientationClonerViewControllerLandscape.xib; sourceTree = "<group>"; };
		6FC26FD7142C81C100BAEE9C /* OrientationClonerViewControllerPortrait.xib */ = {isa = PBXFileReference; fileEncoding = 4; lastKnownFileType = file.xib; path = OrientationClonerViewControllerPortrait.xib; sourceTree = "<group>"; };
		6FC26FD9142C81C100BAEE9C /* PortraitOnlyViewController.h */ = {isa = PBXFileReference; fileEncoding = 4; lastKnownFileType = sourcecode.c.h; path = PortraitOnlyViewController.h; sourceTree = "<group>"; };
		6FC26FDA142C81C100BAEE9C /* PortraitOnlyViewController.m */ = {isa = PBXFileReference; fileEncoding = 4; lastKnownFileType = sourcecode.c.objc; path = PortraitOnlyViewController.m; sourceTree = "<group>"; };
		6FC26FDB142C81C100BAEE9C /* PortraitOnlyViewController.xib */ = {isa = PBXFileReference; fileEncoding = 4; lastKnownFileType = file.xib; path = PortraitOnlyViewController.xib; sourceTree = "<group>"; };
		6FC26FDD142C81C100BAEE9C /* StretchableLargeViewController.xib */ = {isa = PBXFileReference; fileEncoding = 4; lastKnownFileType = file.xib; path = StretchableLargeViewController.xib; sourceTree = "<group>"; };
		6FC26FDE142C81C100BAEE9C /* StretchableViewController.h */ = {isa = PBXFileReference; fileEncoding = 4; lastKnownFileType = sourcecode.c.h; path = StretchableViewController.h; sourceTree = "<group>"; };
		6FC26FDF142C81C100BAEE9C /* StretchableViewController.m */ = {isa = PBXFileReference; fileEncoding = 4; lastKnownFileType = sourcecode.c.objc; path = StretchableViewController.m; sourceTree = "<group>"; };
		6FC26FE0142C81C100BAEE9C /* StretchableViewController.xib */ = {isa = PBXFileReference; fileEncoding = 4; lastKnownFileType = file.xib; path = StretchableViewController.xib; sourceTree = "<group>"; };
		6FC26FE2142C81C100BAEE9C /* TransparentViewController.h */ = {isa = PBXFileReference; fileEncoding = 4; lastKnownFileType = sourcecode.c.h; path = TransparentViewController.h; sourceTree = "<group>"; };
		6FC26FE3142C81C100BAEE9C /* TransparentViewController.m */ = {isa = PBXFileReference; fileEncoding = 4; lastKnownFileType = sourcecode.c.objc; path = TransparentViewController.m; sourceTree = "<group>"; };
		6FC26FE4142C81C100BAEE9C /* TransparentViewController.xib */ = {isa = PBXFileReference; fileEncoding = 4; lastKnownFileType = file.xib; path = TransparentViewController.xib; sourceTree = "<group>"; };
		6FC26FE6142C81C100BAEE9C /* PDFGenerationDemoLayoutController.h */ = {isa = PBXFileReference; fileEncoding = 4; lastKnownFileType = sourcecode.c.h; path = PDFGenerationDemoLayoutController.h; sourceTree = "<group>"; };
		6FC26FE7142C81C100BAEE9C /* PDFGenerationDemoLayoutController.m */ = {isa = PBXFileReference; fileEncoding = 4; lastKnownFileType = sourcecode.c.objc; path = PDFGenerationDemoLayoutController.m; sourceTree = "<group>"; };
		6FC26FE8142C81C100BAEE9C /* PDFGenerationDemoLayoutController.xib */ = {isa = PBXFileReference; fileEncoding = 4; lastKnownFileType = file.xib; path = PDFGenerationDemoLayoutController.xib; sourceTree = "<group>"; };
		6FC26FE9142C81C100BAEE9C /* PDFGenerationDemoLayoutFooterView.h */ = {isa = PBXFileReference; fileEncoding = 4; lastKnownFileType = sourcecode.c.h; path = PDFGenerationDemoLayoutFooterView.h; sourceTree = "<group>"; };
		6FC26FEA142C81C100BAEE9C /* PDFGenerationDemoLayoutFooterView.m */ = {isa = PBXFileReference; fileEncoding = 4; lastKnownFileType = sourcecode.c.objc; path = PDFGenerationDemoLayoutFooterView.m; sourceTree = "<group>"; };
		6FC26FEB142C81C100BAEE9C /* PDFGenerationDemoLayoutFooterView.xib */ = {isa = PBXFileReference; fileEncoding = 4; lastKnownFileType = file.xib; path = PDFGenerationDemoLayoutFooterView.xib; sourceTree = "<group>"; };
		6FC26FEC142C81C100BAEE9C /* PDFGenerationDemoLayoutHeaderView.h */ = {isa = PBXFileReference; fileEncoding = 4; lastKnownFileType = sourcecode.c.h; path = PDFGenerationDemoLayoutHeaderView.h; sourceTree = "<group>"; };
		6FC26FED142C81C100BAEE9C /* PDFGenerationDemoLayoutHeaderView.m */ = {isa = PBXFileReference; fileEncoding = 4; lastKnownFileType = sourcecode.c.objc; path = PDFGenerationDemoLayoutHeaderView.m; sourceTree = "<group>"; };
		6FC26FEE142C81C100BAEE9C /* PDFGenerationDemoLayoutHeaderView.xib */ = {isa = PBXFileReference; fileEncoding = 4; lastKnownFileType = file.xib; path = PDFGenerationDemoLayoutHeaderView.xib; sourceTree = "<group>"; };
		6FC26FEF142C81C100BAEE9C /* PDFGenerationDemoLayoutTableViewCell.h */ = {isa = PBXFileReference; fileEncoding = 4; lastKnownFileType = sourcecode.c.h; path = PDFGenerationDemoLayoutTableViewCell.h; sourceTree = "<group>"; };
		6FC26FF0142C81C100BAEE9C /* PDFGenerationDemoLayoutTableViewCell.m */ = {isa = PBXFileReference; fileEncoding = 4; lastKnownFileType = sourcecode.c.objc; path = PDFGenerationDemoLayoutTableViewCell.m; sourceTree = "<group>"; };
		6FC26FF1142C81C100BAEE9C /* PDFGenerationDemoLayoutTableViewCell.xib */ = {isa = PBXFileReference; fileEncoding = 4; lastKnownFileType = file.xib; path = PDFGenerationDemoLayoutTableViewCell.xib; sourceTree = "<group>"; };
		6FC26FF2142C81C100BAEE9C /* PDFGenerationDemoViewController.h */ = {isa = PBXFileReference; fileEncoding = 4; lastKnownFileType = sourcecode.c.h; path = PDFGenerationDemoViewController.h; sourceTree = "<group>"; };
		6FC26FF3142C81C100BAEE9C /* PDFGenerationDemoViewController.m */ = {isa = PBXFileReference; fileEncoding = 4; lastKnownFileType = sourcecode.c.objc; path = PDFGenerationDemoViewController.m; sourceTree = "<group>"; };
		6FC26FF4142C81C100BAEE9C /* PDFGenerationDemoViewController.xib */ = {isa = PBXFileReference; fileEncoding = 4; lastKnownFileType = file.xib; path = PDFGenerationDemoViewController.xib; sourceTree = "<group>"; };
		6FC26FF7142C81C100BAEE9C /* ParallelProcessingDemoViewController.h */ = {isa = PBXFileReference; fileEncoding = 4; lastKnownFileType = sourcecode.c.h; path = ParallelProcessingDemoViewController.h; sourceTree = "<group>"; };
		6FC26FF8142C81C100BAEE9C /* ParallelProcessingDemoViewController.m */ = {isa = PBXFileReference; fileEncoding = 4; lastKnownFileType = sourcecode.c.objc; path = ParallelProcessingDemoViewController.m; sourceTree = "<group>"; };
		6FC26FF9142C81C100BAEE9C /* ParallelProcessingDemoViewController.xib */ = {isa = PBXFileReference; fileEncoding = 4; lastKnownFileType = file.xib; path = ParallelProcessingDemoViewController.xib; sourceTree = "<group>"; };
		6FC26FFA142C81C100BAEE9C /* SleepTask.h */ = {isa = PBXFileReference; fileEncoding = 4; lastKnownFileType = sourcecode.c.h; path = SleepTask.h; sourceTree = "<group>"; };
		6FC26FFB142C81C100BAEE9C /* SleepTask.m */ = {isa = PBXFileReference; fileEncoding = 4; lastKnownFileType = sourcecode.c.objc; path = SleepTask.m; sourceTree = "<group>"; };
		6FC26FFC142C81C100BAEE9C /* SleepTaskOperation.h */ = {isa = PBXFileReference; fileEncoding = 4; lastKnownFileType = sourcecode.c.h; path = SleepTaskOperation.h; sourceTree = "<group>"; };
		6FC26FFD142C81C100BAEE9C /* SleepTaskOperation.m */ = {isa = PBXFileReference; fileEncoding = 4; lastKnownFileType = sourcecode.c.objc; path = SleepTaskOperation.m; sourceTree = "<group>"; };
		6FC27000142C81C100BAEE9C /* ActionSheetDemoViewController.h */ = {isa = PBXFileReference; fileEncoding = 4; lastKnownFileType = sourcecode.c.h; path = ActionSheetDemoViewController.h; sourceTree = "<group>"; };
		6FC27001142C81C100BAEE9C /* ActionSheetDemoViewController.m */ = {isa = PBXFileReference; fileEncoding = 4; lastKnownFileType = sourcecode.c.objc; path = ActionSheetDemoViewController.m; sourceTree = "<group>"; };
		6FC27002142C81C100BAEE9C /* ActionSheetDemoViewController.xib */ = {isa = PBXFileReference; fileEncoding = 4; lastKnownFileType = file.xib; path = ActionSheetDemoViewController.xib; sourceTree = "<group>"; };
		6FC27004142C81C100BAEE9C /* CursorCustomPointerView.h */ = {isa = PBXFileReference; fileEncoding = 4; lastKnownFileType = sourcecode.c.h; path = CursorCustomPointerView.h; sourceTree = "<group>"; };
		6FC27005142C81C100BAEE9C /* CursorCustomPointerView.m */ = {isa = PBXFileReference; fileEncoding = 4; lastKnownFileType = sourcecode.c.objc; path = CursorCustomPointerView.m; sourceTree = "<group>"; };
		6FC27006142C81C100BAEE9C /* CursorCustomPointerView.xib */ = {isa = PBXFileReference; fileEncoding = 4; lastKnownFileType = file.xib; path = CursorCustomPointerView.xib; sourceTree = "<group>"; };
		6FC27007142C81C100BAEE9C /* CursorDemoViewController.h */ = {isa = PBXFileReference; fileEncoding = 4; lastKnownFileType = sourcecode.c.h; path = CursorDemoViewController.h; sourceTree = "<group>"; };
		6FC27008142C81C100BAEE9C /* CursorDemoViewController.m */ = {isa = PBXFileReference; fileEncoding = 4; lastKnownFileType = sourcecode.c.objc; path = CursorDemoViewController.m; sourceTree = "<group>"; };
		6FC27009142C81C100BAEE9C /* CursorDemoViewController.xib */ = {isa = PBXFileReference; fileEncoding = 4; lastKnownFileType = file.xib; path = CursorDemoViewController.xib; sourceTree = "<group>"; };
		6FC2700A142C81C100BAEE9C /* CursorFolderView.h */ = {isa = PBXFileReference; fileEncoding = 4; lastKnownFileType = sourcecode.c.h; path = CursorFolderView.h; sourceTree = "<group>"; };
		6FC2700B142C81C100BAEE9C /* CursorFolderView.m */ = {isa = PBXFileReference; fileEncoding = 4; lastKnownFileType = sourcecode.c.objc; path = CursorFolderView.m; sourceTree = "<group>"; };
		6FC2700C142C81C100BAEE9C /* CursorFolderView.xib */ = {isa = PBXFileReference; fileEncoding = 4; lastKnownFileType = file.xib; path = CursorFolderView.xib; sourceTree = "<group>"; };
		6FC2700D142C81C100BAEE9C /* CursorPointerInfoViewController.h */ = {isa = PBXFileReference; fileEncoding = 4; lastKnownFileType = sourcecode.c.h; path = CursorPointerInfoViewController.h; sourceTree = "<group>"; };
		6FC2700E142C81C100BAEE9C /* CursorPointerInfoViewController.m */ = {isa = PBXFileReference; fileEncoding = 4; lastKnownFileType = sourcecode.c.objc; path = CursorPointerInfoViewController.m; sourceTree = "<group>"; };
		6FC2700F142C81C100BAEE9C /* CursorPointerInfoViewController.xib */ = {isa = PBXFileReference; fileEncoding = 4; lastKnownFileType = file.xib; path = CursorPointerInfoViewController.xib; sourceTree = "<group>"; };
		6FC27010142C81C100BAEE9C /* CursorSelectedFolderView.h */ = {isa = PBXFileReference; fileEncoding = 4; lastKnownFileType = sourcecode.c.h; path = CursorSelectedFolderView.h; sourceTree = "<group>"; };
		6FC27011142C81C100BAEE9C /* CursorSelectedFolderView.m */ = {isa = PBXFileReference; fileEncoding = 4; lastKnownFileType = sourcecode.c.objc; path = CursorSelectedFolderView.m; sourceTree = "<group>"; };
		6FC27012142C81C100BAEE9C /* CursorSelectedFolderView.xib */ = {isa = PBXFileReference; fileEncoding = 4; lastKnownFileType = file.xib; path = CursorSelectedFolderView.xib; sourceTree = "<group>"; };
		6FC27014142C81C100BAEE9C /* StripsDemoViewController.h */ = {isa = PBXFileReference; fileEncoding = 4; lastKnownFileType = sourcecode.c.h; path = StripsDemoViewController.h; sourceTree = "<group>"; };
		6FC27015142C81C100BAEE9C /* StripsDemoViewController.m */ = {isa = PBXFileReference; fileEncoding = 4; lastKnownFileType = sourcecode.c.objc; path = StripsDemoViewController.m; sourceTree = "<group>"; };
		6FC27016142C81C100BAEE9C /* StripsDemoViewController.xib */ = {isa = PBXFileReference; fileEncoding = 4; lastKnownFileType = file.xib; path = StripsDemoViewController.xib; sourceTree = "<group>"; };
		6FC27018142C81C100BAEE9C /* FooterView.h */ = {isa = PBXFileReference; fileEncoding = 4; lastKnownFileType = sourcecode.c.h; path = FooterView.h; sourceTree = "<group>"; };
		6FC27019142C81C100BAEE9C /* FooterView.m */ = {isa = PBXFileReference; fileEncoding = 4; lastKnownFileType = sourcecode.c.objc; path = FooterView.m; sourceTree = "<group>"; };
		6FC2701A142C81C100BAEE9C /* FooterView.xib */ = {isa = PBXFileReference; fileEncoding = 4; lastKnownFileType = file.xib; path = FooterView.xib; sourceTree = "<group>"; };
		6FC2701B142C81C100BAEE9C /* HeaderView.h */ = {isa = PBXFileReference; fileEncoding = 4; lastKnownFileType = sourcecode.c.h; path = HeaderView.h; sourceTree = "<group>"; };
		6FC2701C142C81C100BAEE9C /* HeaderView.m */ = {isa = PBXFileReference; fileEncoding = 4; lastKnownFileType = sourcecode.c.objc; path = HeaderView.m; sourceTree = "<group>"; };
		6FC2701D142C81C100BAEE9C /* HeaderView.xib */ = {isa = PBXFileReference; fileEncoding = 4; lastKnownFileType = file.xib; path = HeaderView.xib; sourceTree = "<group>"; };
		6FC2701E142C81C100BAEE9C /* ProgrammaticTableViewCell.h */ = {isa = PBXFileReference; fileEncoding = 4; lastKnownFileType = sourcecode.c.h; path = ProgrammaticTableViewCell.h; sourceTree = "<group>"; };
		6FC2701F142C81C100BAEE9C /* ProgrammaticTableViewCell.m */ = {isa = PBXFileReference; fileEncoding = 4; lastKnownFileType = sourcecode.c.objc; path = ProgrammaticTableViewCell.m; sourceTree = "<group>"; };
		6FC27020142C81C100BAEE9C /* TableViewCellsDemoViewController.h */ = {isa = PBXFileReference; fileEncoding = 4; lastKnownFileType = sourcecode.c.h; path = TableViewCellsDemoViewController.h; sourceTree = "<group>"; };
		6FC27021142C81C100BAEE9C /* TableViewCellsDemoViewController.m */ = {isa = PBXFileReference; fileEncoding = 4; lastKnownFileType = sourcecode.c.objc; path = TableViewCellsDemoViewController.m; sourceTree = "<group>"; };
		6FC27022142C81C100BAEE9C /* XibTableViewCell.h */ = {isa = PBXFileReference; fileEncoding = 4; lastKnownFileType = sourcecode.c.h; path = XibTableViewCell.h; sourceTree = "<group>"; };
		6FC27023142C81C100BAEE9C /* XibTableViewCell.m */ = {isa = PBXFileReference; fileEncoding = 4; lastKnownFileType = sourcecode.c.objc; path = XibTableViewCell.m; sourceTree = "<group>"; };
		6FC27024142C81C100BAEE9C /* XibTableViewCell.xib */ = {isa = PBXFileReference; fileEncoding = 4; lastKnownFileType = file.xib; path = XibTableViewCell.xib; sourceTree = "<group>"; };
		6FC27026142C81C100BAEE9C /* TextFieldsDemoViewController.h */ = {isa = PBXFileReference; fileEncoding = 4; lastKnownFileType = sourcecode.c.h; path = TextFieldsDemoViewController.h; sourceTree = "<group>"; };
		6FC27027142C81C100BAEE9C /* TextFieldsDemoViewController.m */ = {isa = PBXFileReference; fileEncoding = 4; lastKnownFileType = sourcecode.c.objc; path = TextFieldsDemoViewController.m; sourceTree = "<group>"; };
		6FC27028142C81C100BAEE9C /* TextFieldsDemoViewController.xib */ = {isa = PBXFileReference; fileEncoding = 4; lastKnownFileType = file.xib; path = TextFieldsDemoViewController.xib; sourceTree = "<group>"; };
		6FC27029142C81C100BAEE9C /* TextFieldsLargeDemoViewController.xib */ = {isa = PBXFileReference; fileEncoding = 4; lastKnownFileType = file.xib; path = TextFieldsLargeDemoViewController.xib; sourceTree = "<group>"; };
		6FC2702C142C81C100BAEE9C /* PlaceholderDemoViewController.h */ = {isa = PBXFileReference; fileEncoding = 4; lastKnownFileType = sourcecode.c.h; path = PlaceholderDemoViewController.h; sourceTree = "<group>"; };
		6FC2702D142C81C100BAEE9C /* PlaceholderDemoViewController.m */ = {isa = PBXFileReference; fileEncoding = 4; lastKnownFileType = sourcecode.c.objc; path = PlaceholderDemoViewController.m; sourceTree = "<group>"; };
		6FC2702E142C81C100BAEE9C /* PlaceholderDemoViewController.xib */ = {isa = PBXFileReference; fileEncoding = 4; lastKnownFileType = file.xib; path = PlaceholderDemoViewController.xib; sourceTree = "<group>"; };
		6FC27030142C81C100BAEE9C /* RootStackDemoViewController.h */ = {isa = PBXFileReference; fileEncoding = 4; lastKnownFileType = sourcecode.c.h; path = RootStackDemoViewController.h; sourceTree = "<group>"; };
		6FC27031142C81C100BAEE9C /* RootStackDemoViewController.m */ = {isa = PBXFileReference; fileEncoding = 4; lastKnownFileType = sourcecode.c.objc; path = RootStackDemoViewController.m; sourceTree = "<group>"; };
		6FC27032142C81C100BAEE9C /* RootStackDemoViewController.xib */ = {isa = PBXFileReference; fileEncoding = 4; lastKnownFileType = file.xib; path = RootStackDemoViewController.xib; sourceTree = "<group>"; };
		6FC27034142C81C100BAEE9C /* StackDemoViewController.h */ = {isa = PBXFileReference; fileEncoding = 4; lastKnownFileType = sourcecode.c.h; path = StackDemoViewController.h; sourceTree = "<group>"; };
		6FC27035142C81C100BAEE9C /* StackDemoViewController.m */ = {isa = PBXFileReference; fileEncoding = 4; lastKnownFileType = sourcecode.c.objc; path = StackDemoViewController.m; sourceTree = "<group>"; };
		6FC27036142C81C100BAEE9C /* StackDemoViewController.xib */ = {isa = PBXFileReference; fileEncoding = 4; lastKnownFileType = file.xib; path = StackDemoViewController.xib; sourceTree = "<group>"; };
		6FC27038142C81C100BAEE9C /* DeviceInfo.h */ = {isa = PBXFileReference; fileEncoding = 4; lastKnownFileType = sourcecode.c.h; path = DeviceInfo.h; sourceTree = "<group>"; };
		6FC27039142C81C100BAEE9C /* DeviceInfo.m */ = {isa = PBXFileReference; fileEncoding = 4; lastKnownFileType = sourcecode.c.objc; path = DeviceInfo.m; sourceTree = "<group>"; };
		6FC2703A142C81C100BAEE9C /* TableSearchDisplayDemoViewController.h */ = {isa = PBXFileReference; fileEncoding = 4; lastKnownFileType = sourcecode.c.h; path = TableSearchDisplayDemoViewController.h; sourceTree = "<group>"; };
		6FC2703B142C81C100BAEE9C /* TableSearchDisplayDemoViewController.m */ = {isa = PBXFileReference; fileEncoding = 4; lastKnownFileType = sourcecode.c.objc; path = TableSearchDisplayDemoViewController.m; sourceTree = "<group>"; };
		6FC2703C142C81C100BAEE9C /* TableSearchDisplayDemoViewController.xib */ = {isa = PBXFileReference; fileEncoding = 4; lastKnownFileType = file.xib; path = TableSearchDisplayDemoViewController.xib; sourceTree = "<group>"; };
		6FC2703E142C81C100BAEE9C /* Customer.h */ = {isa = PBXFileReference; fileEncoding = 4; lastKnownFileType = sourcecode.c.h; path = Customer.h; sourceTree = "<group>"; };
		6FC2703F142C81C100BAEE9C /* Customer.m */ = {isa = PBXFileReference; fileEncoding = 4; lastKnownFileType = sourcecode.c.objc; path = Customer.m; sourceTree = "<group>"; };
		6FC27040142C81C100BAEE9C /* WizardDemoViewController.h */ = {isa = PBXFileReference; fileEncoding = 4; lastKnownFileType = sourcecode.c.h; path = WizardDemoViewController.h; sourceTree = "<group>"; };
		6FC27041142C81C100BAEE9C /* WizardDemoViewController.m */ = {isa = PBXFileReference; fileEncoding = 4; lastKnownFileType = sourcecode.c.objc; path = WizardDemoViewController.m; sourceTree = "<group>"; };
		6FC27042142C81C100BAEE9C /* WizardDemoViewController.xib */ = {isa = PBXFileReference; fileEncoding = 4; lastKnownFileType = file.xib; path = WizardDemoViewController.xib; sourceTree = "<group>"; };
		6FC27043142C81C100BAEE9C /* WizardPageViewController.h */ = {isa = PBXFileReference; fileEncoding = 4; lastKnownFileType = sourcecode.c.h; path = WizardPageViewController.h; sourceTree = "<group>"; };
		6FC27044142C81C100BAEE9C /* WizardPageViewController.m */ = {isa = PBXFileReference; fileEncoding = 4; lastKnownFileType = sourcecode.c.objc; path = WizardPageViewController.m; sourceTree = "<group>"; };
		6FC27045142C81C100BAEE9C /* WizardPageViewController.xib */ = {isa = PBXFileReference; fileEncoding = 4; lastKnownFileType = file.xib; path = WizardPageViewController.xib; sourceTree = "<group>"; };
		6FC27047142C81C100BAEE9C /* DemosListViewController.h */ = {isa = PBXFileReference; fileEncoding = 4; lastKnownFileType = sourcecode.c.h; path = DemosListViewController.h; sourceTree = "<group>"; };
		6FC27048142C81C100BAEE9C /* DemosListViewController.m */ = {isa = PBXFileReference; fileEncoding = 4; lastKnownFileType = sourcecode.c.objc; path = DemosListViewController.m; sourceTree = "<group>"; };
		6FC900F613D4662400834900 /* CoreData.framework */ = {isa = PBXFileReference; lastKnownFileType = wrapper.framework; name = CoreData.framework; path = System/Library/Frameworks/CoreData.framework; sourceTree = SDKROOT; };
		6FEDD6D0141E455C00D59BFC /* CoconutKit_bootstrap.m */ = {isa = PBXFileReference; fileEncoding = 4; lastKnownFileType = sourcecode.c.objc; path = CoconutKit_bootstrap.m; sourceTree = "<group>"; };
		6FEDD6D1141E455C00D59BFC /* CoconutKit.framework */ = {isa = PBXFileReference; lastKnownFileType = wrapper.framework; path = CoconutKit.framework; sourceTree = "<group>"; };
		6FEDD6D3141E455C00D59BFC /* CoconutKit_ButtonBarArrowLeft.png */ = {isa = PBXFileReference; lastKnownFileType = image.png; path = CoconutKit_ButtonBarArrowLeft.png; sourceTree = "<group>"; };
		6FEDD6D4141E455C00D59BFC /* CoconutKit_ButtonBarArrowLeft@2x.png */ = {isa = PBXFileReference; lastKnownFileType = image.png; path = "CoconutKit_ButtonBarArrowLeft@2x.png"; sourceTree = "<group>"; };
		6FEDD6D5141E455C00D59BFC /* CoconutKit_ButtonBarArrowRight.png */ = {isa = PBXFileReference; lastKnownFileType = image.png; path = CoconutKit_ButtonBarArrowRight.png; sourceTree = "<group>"; };
		6FEDD6D6141E455C00D59BFC /* CoconutKit_ButtonBarArrowRight@2x.png */ = {isa = PBXFileReference; lastKnownFileType = image.png; path = "CoconutKit_ButtonBarArrowRight@2x.png"; sourceTree = "<group>"; };
		6FEDD6D7141E455C00D59BFC /* CoconutKit_ButtonBarRefresh.png */ = {isa = PBXFileReference; lastKnownFileType = image.png; path = CoconutKit_ButtonBarRefresh.png; sourceTree = "<group>"; };
		6FEDD6D8141E455C00D59BFC /* CoconutKit_ButtonBarRefresh@2x.png */ = {isa = PBXFileReference; lastKnownFileType = image.png; path = "CoconutKit_ButtonBarRefresh@2x.png"; sourceTree = "<group>"; };
		6FEDD6D9141E455C00D59BFC /* CoconutKit_cursor_default_pointer.png */ = {isa = PBXFileReference; lastKnownFileType = image.png; path = CoconutKit_cursor_default_pointer.png; sourceTree = "<group>"; };
		6FEDD6DA141E455C00D59BFC /* CoconutKit_handle_default.png */ = {isa = PBXFileReference; lastKnownFileType = image.png; path = CoconutKit_handle_default.png; sourceTree = "<group>"; };
		6FEDD6DB141E455C00D59BFC /* CoconutKit_HLSWebViewController.xib */ = {isa = PBXFileReference; fileEncoding = 4; lastKnownFileType = file.xib; path = CoconutKit_HLSWebViewController.xib; sourceTree = "<group>"; };
		6FEDD6DC141E455C00D59BFC /* CoconutKit_strip_default_background.png */ = {isa = PBXFileReference; lastKnownFileType = image.png; path = CoconutKit_strip_default_background.png; sourceTree = "<group>"; };
		6FEDD6DE141E455C00D59BFC /* de */ = {isa = PBXFileReference; lastKnownFileType = text.plist.strings; name = de; path = de.lproj/CoconutKit_Localizable.strings; sourceTree = "<group>"; };
		6FEDD6DF141E455C00D59BFC /* en */ = {isa = PBXFileReference; lastKnownFileType = text.plist.strings; name = en; path = en.lproj/CoconutKit_Localizable.strings; sourceTree = "<group>"; };
		6FEDD6E0141E455C00D59BFC /* es */ = {isa = PBXFileReference; lastKnownFileType = text.plist.strings; name = es; path = es.lproj/CoconutKit_Localizable.strings; sourceTree = "<group>"; };
		6FEDD6E1141E455C00D59BFC /* fr */ = {isa = PBXFileReference; lastKnownFileType = text.plist.strings; name = fr; path = fr.lproj/CoconutKit_Localizable.strings; sourceTree = "<group>"; };
		6FEDD6E2141E455C00D59BFC /* it */ = {isa = PBXFileReference; lastKnownFileType = text.plist.strings; name = it; path = it.lproj/CoconutKit_Localizable.strings; sourceTree = "<group>"; };
		6FEDD6E3141E455C00D59BFC /* ja */ = {isa = PBXFileReference; lastKnownFileType = text.plist.strings; name = ja; path = ja.lproj/CoconutKit_Localizable.strings; sourceTree = "<group>"; };
		6FEDD6E4141E455C00D59BFC /* ko */ = {isa = PBXFileReference; lastKnownFileType = text.plist.strings; name = ko; path = ko.lproj/CoconutKit_Localizable.strings; sourceTree = "<group>"; };
		8D1107310486CEB800E47090 /* CoconutKit-demo-Info.plist */ = {isa = PBXFileReference; fileEncoding = 4; lastKnownFileType = text.plist.xml; path = "CoconutKit-demo-Info.plist"; plistStructureDefinitionIdentifier = "com.apple.xcode.plist.structure-definition.iphone.info-plist"; sourceTree = "<group>"; };
/* End PBXFileReference section */

/* Begin PBXFrameworksBuildPhase section */
		1D60588F0D05DD3D006BFB54 /* Frameworks */ = {
			isa = PBXFrameworksBuildPhase;
			buildActionMask = 2147483647;
			files = (
				6FC900F713D4662400834900 /* CoreData.framework in Frameworks */,
				1D60589F0D05DD5A006BFB54 /* Foundation.framework in Frameworks */,
				1DF5F4E00D08C38300B7A737 /* UIKit.framework in Frameworks */,
				288765FD0DF74451002DB57D /* CoreGraphics.framework in Frameworks */,
				6F4F84AB136E8BA4007D027B /* MessageUI.framework in Frameworks */,
				6FEDD6E6141E455C00D59BFC /* CoconutKit.framework in Frameworks */,
			);
			runOnlyForDeploymentPostprocessing = 0;
		};
/* End PBXFrameworksBuildPhase section */

/* Begin PBXGroup section */
		19C28FACFE9D520D11CA2CBB /* Products */ = {
			isa = PBXGroup;
			children = (
				1D6058910D05DD3D006BFB54 /* CoconutKit-demo.app */,
			);
			name = Products;
			sourceTree = "<group>";
		};
		29B97314FDCFA39411CA2CEA /* CustomTemplate */ = {
			isa = PBXGroup;
			children = (
				6FC26F9B142C81C100BAEE9C /* Resources */,
				6FC26FA5142C81C100BAEE9C /* Sources */,
				29B97315FDCFA39411CA2CEA /* Other Sources */,
				29B97323FDCFA39411CA2CEA /* Frameworks */,
				19C28FACFE9D520D11CA2CBB /* Products */,
			);
			indentWidth = 4;
			name = CustomTemplate;
			sourceTree = "<group>";
			tabWidth = 4;
			usesTabs = 0;
		};
		29B97315FDCFA39411CA2CEA /* Other Sources */ = {
			isa = PBXGroup;
			children = (
				8D1107310486CEB800E47090 /* CoconutKit-demo-Info.plist */,
				32CA4F630368D1EE00C91783 /* CoconutKit-demo-Prefix.pch */,
				29B97316FDCFA39411CA2CEA /* main.m */,
				6FBDA7A61303EE9B004B9617 /* Localizable.strings */,
			);
			name = "Other Sources";
			sourceTree = "<group>";
		};
		29B97323FDCFA39411CA2CEA /* Frameworks */ = {
			isa = PBXGroup;
			children = (
				6FEDD6CE141E455C00D59BFC /* CoconutKit-trunk-Release.staticframework */,
				6FC900F613D4662400834900 /* CoreData.framework */,
				288765FC0DF74451002DB57D /* CoreGraphics.framework */,
				1D30AB110D05D00D00671497 /* Foundation.framework */,
				6F4F84AA136E8BA4007D027B /* MessageUI.framework */,
				1DF5F4DF0D08C38300B7A737 /* UIKit.framework */,
			);
			name = Frameworks;
			sourceTree = "<group>";
		};
		6FC26F9B142C81C100BAEE9C /* Resources */ = {
			isa = PBXGroup;
			children = (
				6FC26F9C142C81C100BAEE9C /* Fonts */,
				6FC26F9F142C81C100BAEE9C /* Images */,
			);
			path = Resources;
			sourceTree = "<group>";
		};
		6FC26F9C142C81C100BAEE9C /* Fonts */ = {
			isa = PBXGroup;
			children = (
				6FC26F9D142C81C100BAEE9C /* ProximaNova-Bold.otf */,
				6FC26F9E142C81C100BAEE9C /* ProximaNova-Regular.otf */,
			);
			path = Fonts;
			sourceTree = "<group>";
		};
		6FC26F9F142C81C100BAEE9C /* Images */ = {
			isa = PBXGroup;
			children = (
				6FC26FA0142C81C100BAEE9C /* cell_bkgr_brown_large.png */,
				6FC26FA1142C81C100BAEE9C /* cell_bkgr_brown_large_selected.png */,
				6FC26FA2142C81C100BAEE9C /* icn_bookmark.png */,
				6FC26FA3142C81C100BAEE9C /* icn_folder.png */,
				6FC26FA4142C81C100BAEE9C /* strip_bkgr_green.png */,
			);
			path = Images;
			sourceTree = "<group>";
		};
		6FC26FA5142C81C100BAEE9C /* Sources */ = {
			isa = PBXGroup;
			children = (
				6FC26FA6142C81C100BAEE9C /* AppDelegate */,
				6FC26FAA142C81C100BAEE9C /* Application */,
				6FC26FAD142C81C100BAEE9C /* Demos */,
				6FC27046142C81C100BAEE9C /* DemosNavigator */,
			);
			path = Sources;
			sourceTree = "<group>";
		};
		6FC26FA6142C81C100BAEE9C /* AppDelegate */ = {
			isa = PBXGroup;
			children = (
				6FC26FA7142C81C100BAEE9C /* CoconutKit_demoAppDelegate.h */,
				6FC26FA8142C81C100BAEE9C /* CoconutKit_demoAppDelegate.m */,
				6FC26FA9142C81C100BAEE9C /* MainWindow.xib */,
			);
			path = AppDelegate;
			sourceTree = "<group>";
		};
		6FC26FAA142C81C100BAEE9C /* Application */ = {
			isa = PBXGroup;
			children = (
				6FC26FAB142C81C100BAEE9C /* CoconutKit_demoApplication.h */,
				6FC26FAC142C81C100BAEE9C /* CoconutKit_demoApplication.m */,
			);
			path = Application;
			sourceTree = "<group>";
		};
		6FC26FAD142C81C100BAEE9C /* Demos */ = {
			isa = PBXGroup;
			children = (
				6FC26FAE142C81C100BAEE9C /* Animation */,
				6FC26FB7142C81C100BAEE9C /* Common */,
				6FC26FE5142C81C100BAEE9C /* PDF */,
				6FC26FF5142C81C100BAEE9C /* Task */,
				6FC26FFE142C81C100BAEE9C /* View */,
				6FC2702A142C81C100BAEE9C /* ViewControllers */,
			);
			path = Demos;
			sourceTree = "<group>";
		};
		6FC26FAE142C81C100BAEE9C /* Animation */ = {
			isa = PBXGroup;
			children = (
				6FC26FAF142C81C100BAEE9C /* MultipleViewsAnimation */,
				6FC26FB3142C81C100BAEE9C /* SingleViewAnimation */,
			);
			path = Animation;
			sourceTree = "<group>";
		};
		6FC26FAF142C81C100BAEE9C /* MultipleViewsAnimation */ = {
			isa = PBXGroup;
			children = (
				6FC26FB0142C81C100BAEE9C /* MultipleViewsAnimationDemoViewController.h */,
				6FC26FB1142C81C100BAEE9C /* MultipleViewsAnimationDemoViewController.m */,
				6FC26FB2142C81C100BAEE9C /* MultipleViewsAnimationDemoViewController.xib */,
			);
			path = MultipleViewsAnimation;
			sourceTree = "<group>";
		};
		6FC26FB3142C81C100BAEE9C /* SingleViewAnimation */ = {
			isa = PBXGroup;
			children = (
				6FC26FB4142C81C100BAEE9C /* SingleViewAnimationDemoViewController.h */,
				6FC26FB5142C81C100BAEE9C /* SingleViewAnimationDemoViewController.m */,
				6FC26FB6142C81C100BAEE9C /* SingleViewAnimationDemoViewController.xib */,
			);
			path = SingleViewAnimation;
			sourceTree = "<group>";
		};
		6FC26FB7142C81C100BAEE9C /* Common */ = {
			isa = PBXGroup;
			children = (
				6FC26FB8142C81C100BAEE9C /* ContainerCustomizationViewController */,
				6FC26FBC142C81C100BAEE9C /* FixedSizeViewController */,
				6FC26FC1142C81C100BAEE9C /* HeavyViewController */,
				6FC26FC5142C81C100BAEE9C /* LandscapeOnlyViewController */,
				6FC26FC9142C81C100BAEE9C /* LifeCycleTestViewController */,
				6FC26FCD142C81C100BAEE9C /* MemoryWarningTestCoverViewController */,
				6FC26FD1142C81C100BAEE9C /* OrientationClonerViewController */,
				6FC26FD8142C81C100BAEE9C /* PortraitOnlyViewController */,
				6FC26FDC142C81C100BAEE9C /* StretchableViewController */,
				6FC26FE1142C81C100BAEE9C /* TransparentViewController */,
			);
			path = Common;
			sourceTree = "<group>";
		};
		6FC26FB8142C81C100BAEE9C /* ContainerCustomizationViewController */ = {
			isa = PBXGroup;
			children = (
				6FC26FB9142C81C100BAEE9C /* ContainerCustomizationViewController.h */,
				6FC26FBA142C81C100BAEE9C /* ContainerCustomizationViewController.m */,
				6FC26FBB142C81C100BAEE9C /* ContainerCustomizationViewController.xib */,
			);
			path = ContainerCustomizationViewController;
			sourceTree = "<group>";
		};
		6FC26FBC142C81C100BAEE9C /* FixedSizeViewController */ = {
			isa = PBXGroup;
			children = (
				6FC26FBD142C81C100BAEE9C /* FixedSizeLargeViewController.xib */,
				6FC26FBE142C81C100BAEE9C /* FixedSizeViewController.h */,
				6FC26FBF142C81C100BAEE9C /* FixedSizeViewController.m */,
				6FC26FC0142C81C100BAEE9C /* FixedSizeViewController.xib */,
			);
			path = FixedSizeViewController;
			sourceTree = "<group>";
		};
		6FC26FC1142C81C100BAEE9C /* HeavyViewController */ = {
			isa = PBXGroup;
			children = (
				6FC26FC2142C81C100BAEE9C /* HeavyViewController.h */,
				6FC26FC3142C81C100BAEE9C /* HeavyViewController.m */,
				6FC26FC4142C81C100BAEE9C /* HeavyViewController.xib */,
			);
			path = HeavyViewController;
			sourceTree = "<group>";
		};
		6FC26FC5142C81C100BAEE9C /* LandscapeOnlyViewController */ = {
			isa = PBXGroup;
			children = (
				6FC26FC6142C81C100BAEE9C /* LandscapeOnlyViewController.h */,
				6FC26FC7142C81C100BAEE9C /* LandscapeOnlyViewController.m */,
				6FC26FC8142C81C100BAEE9C /* LandscapeOnlyViewController.xib */,
			);
			path = LandscapeOnlyViewController;
			sourceTree = "<group>";
		};
		6FC26FC9142C81C100BAEE9C /* LifeCycleTestViewController */ = {
			isa = PBXGroup;
			children = (
				6FC26FCA142C81C100BAEE9C /* LifeCycleTestViewController.h */,
				6FC26FCB142C81C100BAEE9C /* LifeCycleTestViewController.m */,
				6FC26FCC142C81C100BAEE9C /* LifeCycleTestViewController.xib */,
			);
			path = LifeCycleTestViewController;
			sourceTree = "<group>";
		};
		6FC26FCD142C81C100BAEE9C /* MemoryWarningTestCoverViewController */ = {
			isa = PBXGroup;
			children = (
				6FC26FCE142C81C100BAEE9C /* MemoryWarningTestCoverViewController.h */,
				6FC26FCF142C81C100BAEE9C /* MemoryWarningTestCoverViewController.m */,
				6FC26FD0142C81C100BAEE9C /* MemoryWarningTestCoverViewController.xib */,
			);
			path = MemoryWarningTestCoverViewController;
			sourceTree = "<group>";
		};
		6FC26FD1142C81C100BAEE9C /* OrientationClonerViewController */ = {
			isa = PBXGroup;
			children = (
				6FC26FD2142C81C100BAEE9C /* OrientationClonerLargeViewControllerLandscape.xib */,
				6FC26FD3142C81C100BAEE9C /* OrientationClonerLargeViewControllerPortrait.xib */,
				6FC26FD4142C81C100BAEE9C /* OrientationClonerViewController.h */,
				6FC26FD5142C81C100BAEE9C /* OrientationClonerViewController.m */,
				6FC26FD6142C81C100BAEE9C /* OrientationClonerViewControllerLandscape.xib */,
				6FC26FD7142C81C100BAEE9C /* OrientationClonerViewControllerPortrait.xib */,
			);
			path = OrientationClonerViewController;
			sourceTree = "<group>";
		};
		6FC26FD8142C81C100BAEE9C /* PortraitOnlyViewController */ = {
			isa = PBXGroup;
			children = (
				6FC26FD9142C81C100BAEE9C /* PortraitOnlyViewController.h */,
				6FC26FDA142C81C100BAEE9C /* PortraitOnlyViewController.m */,
				6FC26FDB142C81C100BAEE9C /* PortraitOnlyViewController.xib */,
			);
			path = PortraitOnlyViewController;
			sourceTree = "<group>";
		};
		6FC26FDC142C81C100BAEE9C /* StretchableViewController */ = {
			isa = PBXGroup;
			children = (
				6FC26FDD142C81C100BAEE9C /* StretchableLargeViewController.xib */,
				6FC26FDE142C81C100BAEE9C /* StretchableViewController.h */,
				6FC26FDF142C81C100BAEE9C /* StretchableViewController.m */,
				6FC26FE0142C81C100BAEE9C /* StretchableViewController.xib */,
			);
			path = StretchableViewController;
			sourceTree = "<group>";
		};
		6FC26FE1142C81C100BAEE9C /* TransparentViewController */ = {
			isa = PBXGroup;
			children = (
				6FC26FE2142C81C100BAEE9C /* TransparentViewController.h */,
				6FC26FE3142C81C100BAEE9C /* TransparentViewController.m */,
				6FC26FE4142C81C100BAEE9C /* TransparentViewController.xib */,
			);
			path = TransparentViewController;
			sourceTree = "<group>";
		};
		6FC26FE5142C81C100BAEE9C /* PDF */ = {
			isa = PBXGroup;
			children = (
				6FC26FE6142C81C100BAEE9C /* PDFGenerationDemoLayoutController.h */,
				6FC26FE7142C81C100BAEE9C /* PDFGenerationDemoLayoutController.m */,
				6FC26FE8142C81C100BAEE9C /* PDFGenerationDemoLayoutController.xib */,
				6FC26FE9142C81C100BAEE9C /* PDFGenerationDemoLayoutFooterView.h */,
				6FC26FEA142C81C100BAEE9C /* PDFGenerationDemoLayoutFooterView.m */,
				6FC26FEB142C81C100BAEE9C /* PDFGenerationDemoLayoutFooterView.xib */,
				6FC26FEC142C81C100BAEE9C /* PDFGenerationDemoLayoutHeaderView.h */,
				6FC26FED142C81C100BAEE9C /* PDFGenerationDemoLayoutHeaderView.m */,
				6FC26FEE142C81C100BAEE9C /* PDFGenerationDemoLayoutHeaderView.xib */,
				6FC26FEF142C81C100BAEE9C /* PDFGenerationDemoLayoutTableViewCell.h */,
				6FC26FF0142C81C100BAEE9C /* PDFGenerationDemoLayoutTableViewCell.m */,
				6FC26FF1142C81C100BAEE9C /* PDFGenerationDemoLayoutTableViewCell.xib */,
				6FC26FF2142C81C100BAEE9C /* PDFGenerationDemoViewController.h */,
				6FC26FF3142C81C100BAEE9C /* PDFGenerationDemoViewController.m */,
				6FC26FF4142C81C100BAEE9C /* PDFGenerationDemoViewController.xib */,
			);
			path = PDF;
			sourceTree = "<group>";
		};
		6FC26FF5142C81C100BAEE9C /* Task */ = {
			isa = PBXGroup;
			children = (
				6FC26FF6142C81C100BAEE9C /* ParallelProcessing */,
			);
			path = Task;
			sourceTree = "<group>";
		};
		6FC26FF6142C81C100BAEE9C /* ParallelProcessing */ = {
			isa = PBXGroup;
			children = (
				6FC26FF7142C81C100BAEE9C /* ParallelProcessingDemoViewController.h */,
				6FC26FF8142C81C100BAEE9C /* ParallelProcessingDemoViewController.m */,
				6FC26FF9142C81C100BAEE9C /* ParallelProcessingDemoViewController.xib */,
				6FC26FFA142C81C100BAEE9C /* SleepTask.h */,
				6FC26FFB142C81C100BAEE9C /* SleepTask.m */,
				6FC26FFC142C81C100BAEE9C /* SleepTaskOperation.h */,
				6FC26FFD142C81C100BAEE9C /* SleepTaskOperation.m */,
			);
			path = ParallelProcessing;
			sourceTree = "<group>";
		};
		6FC26FFE142C81C100BAEE9C /* View */ = {
			isa = PBXGroup;
			children = (
				6FC26FFF142C81C100BAEE9C /* ActionSheet */,
				6FC27003142C81C100BAEE9C /* Cursor */,
				6FC27013142C81C100BAEE9C /* Strips */,
				6FC27017142C81C100BAEE9C /* TableViewCells */,
				6FC27025142C81C100BAEE9C /* TextFields */,
			);
			path = View;
			sourceTree = "<group>";
		};
		6FC26FFF142C81C100BAEE9C /* ActionSheet */ = {
			isa = PBXGroup;
			children = (
				6FC27000142C81C100BAEE9C /* ActionSheetDemoViewController.h */,
				6FC27001142C81C100BAEE9C /* ActionSheetDemoViewController.m */,
				6FC27002142C81C100BAEE9C /* ActionSheetDemoViewController.xib */,
			);
			path = ActionSheet;
			sourceTree = "<group>";
		};
		6FC27003142C81C100BAEE9C /* Cursor */ = {
			isa = PBXGroup;
			children = (
				6FC27004142C81C100BAEE9C /* CursorCustomPointerView.h */,
				6FC27005142C81C100BAEE9C /* CursorCustomPointerView.m */,
				6FC27006142C81C100BAEE9C /* CursorCustomPointerView.xib */,
				6FC27007142C81C100BAEE9C /* CursorDemoViewController.h */,
				6FC27008142C81C100BAEE9C /* CursorDemoViewController.m */,
				6FC27009142C81C100BAEE9C /* CursorDemoViewController.xib */,
				6FC2700A142C81C100BAEE9C /* CursorFolderView.h */,
				6FC2700B142C81C100BAEE9C /* CursorFolderView.m */,
				6FC2700C142C81C100BAEE9C /* CursorFolderView.xib */,
				6FC2700D142C81C100BAEE9C /* CursorPointerInfoViewController.h */,
				6FC2700E142C81C100BAEE9C /* CursorPointerInfoViewController.m */,
				6FC2700F142C81C100BAEE9C /* CursorPointerInfoViewController.xib */,
				6FC27010142C81C100BAEE9C /* CursorSelectedFolderView.h */,
				6FC27011142C81C100BAEE9C /* CursorSelectedFolderView.m */,
				6FC27012142C81C100BAEE9C /* CursorSelectedFolderView.xib */,
			);
			path = Cursor;
			sourceTree = "<group>";
		};
		6FC27013142C81C100BAEE9C /* Strips */ = {
			isa = PBXGroup;
			children = (
				6FC27014142C81C100BAEE9C /* StripsDemoViewController.h */,
				6FC27015142C81C100BAEE9C /* StripsDemoViewController.m */,
				6FC27016142C81C100BAEE9C /* StripsDemoViewController.xib */,
			);
			path = Strips;
			sourceTree = "<group>";
		};
		6FC27017142C81C100BAEE9C /* TableViewCells */ = {
			isa = PBXGroup;
			children = (
				6FC27018142C81C100BAEE9C /* FooterView.h */,
				6FC27019142C81C100BAEE9C /* FooterView.m */,
				6FC2701A142C81C100BAEE9C /* FooterView.xib */,
				6FC2701B142C81C100BAEE9C /* HeaderView.h */,
				6FC2701C142C81C100BAEE9C /* HeaderView.m */,
				6FC2701D142C81C100BAEE9C /* HeaderView.xib */,
				6FC2701E142C81C100BAEE9C /* ProgrammaticTableViewCell.h */,
				6FC2701F142C81C100BAEE9C /* ProgrammaticTableViewCell.m */,
				6FC27020142C81C100BAEE9C /* TableViewCellsDemoViewController.h */,
				6FC27021142C81C100BAEE9C /* TableViewCellsDemoViewController.m */,
				6FC27022142C81C100BAEE9C /* XibTableViewCell.h */,
				6FC27023142C81C100BAEE9C /* XibTableViewCell.m */,
				6FC27024142C81C100BAEE9C /* XibTableViewCell.xib */,
			);
			path = TableViewCells;
			sourceTree = "<group>";
		};
		6FC27025142C81C100BAEE9C /* TextFields */ = {
			isa = PBXGroup;
			children = (
				6FC27026142C81C100BAEE9C /* TextFieldsDemoViewController.h */,
				6FC27027142C81C100BAEE9C /* TextFieldsDemoViewController.m */,
				6FC27028142C81C100BAEE9C /* TextFieldsDemoViewController.xib */,
				6FC27029142C81C100BAEE9C /* TextFieldsLargeDemoViewController.xib */,
			);
			path = TextFields;
			sourceTree = "<group>";
		};
		6FC2702A142C81C100BAEE9C /* ViewControllers */ = {
			isa = PBXGroup;
			children = (
				6FC2702B142C81C100BAEE9C /* Placeholder */,
				6FC2702F142C81C100BAEE9C /* RootStack */,
				6FC27033142C81C100BAEE9C /* Stack */,
				6FC27037142C81C100BAEE9C /* TableSearchDisplay */,
				6FC2703D142C81C100BAEE9C /* Wizard */,
			);
			path = ViewControllers;
			sourceTree = "<group>";
		};
		6FC2702B142C81C100BAEE9C /* Placeholder */ = {
			isa = PBXGroup;
			children = (
				6FC2702C142C81C100BAEE9C /* PlaceholderDemoViewController.h */,
				6FC2702D142C81C100BAEE9C /* PlaceholderDemoViewController.m */,
				6FC2702E142C81C100BAEE9C /* PlaceholderDemoViewController.xib */,
			);
			path = Placeholder;
			sourceTree = "<group>";
		};
		6FC2702F142C81C100BAEE9C /* RootStack */ = {
			isa = PBXGroup;
			children = (
				6FC27030142C81C100BAEE9C /* RootStackDemoViewController.h */,
				6FC27031142C81C100BAEE9C /* RootStackDemoViewController.m */,
				6FC27032142C81C100BAEE9C /* RootStackDemoViewController.xib */,
			);
			path = RootStack;
			sourceTree = "<group>";
		};
		6FC27033142C81C100BAEE9C /* Stack */ = {
			isa = PBXGroup;
			children = (
				6FC27034142C81C100BAEE9C /* StackDemoViewController.h */,
				6FC27035142C81C100BAEE9C /* StackDemoViewController.m */,
				6FC27036142C81C100BAEE9C /* StackDemoViewController.xib */,
			);
			path = Stack;
			sourceTree = "<group>";
		};
		6FC27037142C81C100BAEE9C /* TableSearchDisplay */ = {
			isa = PBXGroup;
			children = (
				6FC27038142C81C100BAEE9C /* DeviceInfo.h */,
				6FC27039142C81C100BAEE9C /* DeviceInfo.m */,
				6FC2703A142C81C100BAEE9C /* TableSearchDisplayDemoViewController.h */,
				6FC2703B142C81C100BAEE9C /* TableSearchDisplayDemoViewController.m */,
				6FC2703C142C81C100BAEE9C /* TableSearchDisplayDemoViewController.xib */,
			);
			path = TableSearchDisplay;
			sourceTree = "<group>";
		};
		6FC2703D142C81C100BAEE9C /* Wizard */ = {
			isa = PBXGroup;
			children = (
				6FC2703E142C81C100BAEE9C /* Customer.h */,
				6FC2703F142C81C100BAEE9C /* Customer.m */,
				6FC27040142C81C100BAEE9C /* WizardDemoViewController.h */,
				6FC27041142C81C100BAEE9C /* WizardDemoViewController.m */,
				6FC27042142C81C100BAEE9C /* WizardDemoViewController.xib */,
				6FC27043142C81C100BAEE9C /* WizardPageViewController.h */,
				6FC27044142C81C100BAEE9C /* WizardPageViewController.m */,
				6FC27045142C81C100BAEE9C /* WizardPageViewController.xib */,
			);
			path = Wizard;
			sourceTree = "<group>";
		};
		6FC27046142C81C100BAEE9C /* DemosNavigator */ = {
			isa = PBXGroup;
			children = (
				6FC27047142C81C100BAEE9C /* DemosListViewController.h */,
				6FC27048142C81C100BAEE9C /* DemosListViewController.m */,
			);
			path = DemosNavigator;
			sourceTree = "<group>";
		};
		6FEDD6CE141E455C00D59BFC /* CoconutKit-trunk-Release.staticframework */ = {
			isa = PBXGroup;
			children = (
				6FEDD6CF141E455C00D59BFC /* Bootstrap */,
				6FEDD6D1141E455C00D59BFC /* CoconutKit.framework */,
				6FEDD6D2141E455C00D59BFC /* Resources */,
			);
			name = "CoconutKit-trunk-Release.staticframework";
			path = "/LeStudioSDK/Binaries/CoconutKit/CoconutKit-trunk-Release.staticframework";
			sourceTree = "<absolute>";
		};
		6FEDD6CF141E455C00D59BFC /* Bootstrap */ = {
			isa = PBXGroup;
			children = (
				6FEDD6D0141E455C00D59BFC /* CoconutKit_bootstrap.m */,
			);
			path = Bootstrap;
			sourceTree = "<group>";
		};
		6FEDD6D2141E455C00D59BFC /* Resources */ = {
			isa = PBXGroup;
			children = (
				6FEDD6D3141E455C00D59BFC /* CoconutKit_ButtonBarArrowLeft.png */,
				6FEDD6D4141E455C00D59BFC /* CoconutKit_ButtonBarArrowLeft@2x.png */,
				6FEDD6D5141E455C00D59BFC /* CoconutKit_ButtonBarArrowRight.png */,
				6FEDD6D6141E455C00D59BFC /* CoconutKit_ButtonBarArrowRight@2x.png */,
				6FEDD6D7141E455C00D59BFC /* CoconutKit_ButtonBarRefresh.png */,
				6FEDD6D8141E455C00D59BFC /* CoconutKit_ButtonBarRefresh@2x.png */,
				6FEDD6D9141E455C00D59BFC /* CoconutKit_cursor_default_pointer.png */,
				6FEDD6DA141E455C00D59BFC /* CoconutKit_handle_default.png */,
				6FEDD6DB141E455C00D59BFC /* CoconutKit_HLSWebViewController.xib */,
				6FEDD6DC141E455C00D59BFC /* CoconutKit_strip_default_background.png */,
				6FEDD6DD141E455C00D59BFC /* CoconutKit_Localizable.strings */,
			);
			path = Resources;
			sourceTree = "<group>";
		};
/* End PBXGroup section */

/* Begin PBXNativeTarget section */
		1D6058900D05DD3D006BFB54 /* CoconutKit-demo */ = {
			isa = PBXNativeTarget;
			buildConfigurationList = 1D6058960D05DD3E006BFB54 /* Build configuration list for PBXNativeTarget "CoconutKit-demo" */;
			buildPhases = (
				1D60588D0D05DD3D006BFB54 /* Resources */,
				1D60588E0D05DD3D006BFB54 /* Sources */,
				1D60588F0D05DD3D006BFB54 /* Frameworks */,
			);
			buildRules = (
			);
			dependencies = (
			);
			name = "CoconutKit-demo";
			productName = "CoconutKit-demo";
			productReference = 1D6058910D05DD3D006BFB54 /* CoconutKit-demo.app */;
			productType = "com.apple.product-type.application";
		};
/* End PBXNativeTarget section */

/* Begin PBXProject section */
		29B97313FDCFA39411CA2CEA /* Project object */ = {
			isa = PBXProject;
			attributes = {
				LastUpgradeCheck = 0410;
			};
			buildConfigurationList = C01FCF4E08A954540054247B /* Build configuration list for PBXProject "CoconutKit-demo" */;
			compatibilityVersion = "Xcode 3.2";
			developmentRegion = English;
			hasScannedForEncodings = 1;
			knownRegions = (
				English,
				Japanese,
				French,
				German,
				en,
				fr,
				de,
				es,
				it,
				ja,
				ko,
			);
			mainGroup = 29B97314FDCFA39411CA2CEA /* CustomTemplate */;
			projectDirPath = "";
			projectRoot = "";
			targets = (
				1D6058900D05DD3D006BFB54 /* CoconutKit-demo */,
			);
		};
/* End PBXProject section */

/* Begin PBXResourcesBuildPhase section */
		1D60588D0D05DD3D006BFB54 /* Resources */ = {
			isa = PBXResourcesBuildPhase;
			buildActionMask = 2147483647;
			files = (
				6FBDA7A81303EE9B004B9617 /* Localizable.strings in Resources */,
				6FEDD6E7141E455C00D59BFC /* CoconutKit_ButtonBarArrowLeft.png in Resources */,
				6FEDD6E8141E455C00D59BFC /* CoconutKit_ButtonBarArrowLeft@2x.png in Resources */,
				6FEDD6E9141E455C00D59BFC /* CoconutKit_ButtonBarArrowRight.png in Resources */,
				6FEDD6EA141E455C00D59BFC /* CoconutKit_ButtonBarArrowRight@2x.png in Resources */,
				6FEDD6EB141E455C00D59BFC /* CoconutKit_ButtonBarRefresh.png in Resources */,
				6FEDD6EC141E455C00D59BFC /* CoconutKit_ButtonBarRefresh@2x.png in Resources */,
				6FEDD6ED141E455C00D59BFC /* CoconutKit_cursor_default_pointer.png in Resources */,
				6FEDD6EE141E455C00D59BFC /* CoconutKit_handle_default.png in Resources */,
				6FEDD6EF141E455C00D59BFC /* CoconutKit_HLSWebViewController.xib in Resources */,
				6FEDD6F0141E455C00D59BFC /* CoconutKit_strip_default_background.png in Resources */,
				6FEDD6F1141E455C00D59BFC /* CoconutKit_Localizable.strings in Resources */,
				6FC2704B142C81C100BAEE9C /* ProximaNova-Bold.otf in Resources */,
				6FC2704C142C81C100BAEE9C /* ProximaNova-Regular.otf in Resources */,
				6FC2704D142C81C100BAEE9C /* cell_bkgr_brown_large.png in Resources */,
				6FC2704E142C81C100BAEE9C /* cell_bkgr_brown_large_selected.png in Resources */,
				6FC2704F142C81C100BAEE9C /* icn_bookmark.png in Resources */,
				6FC27050142C81C100BAEE9C /* icn_folder.png in Resources */,
				6FC27051142C81C100BAEE9C /* strip_bkgr_green.png in Resources */,
				6FC27053142C81C100BAEE9C /* MainWindow.xib in Resources */,
				6FC27056142C81C100BAEE9C /* MultipleViewsAnimationDemoViewController.xib in Resources */,
				6FC27058142C81C100BAEE9C /* SingleViewAnimationDemoViewController.xib in Resources */,
				6FC2705A142C81C100BAEE9C /* ContainerCustomizationViewController.xib in Resources */,
				6FC2705B142C81C100BAEE9C /* FixedSizeLargeViewController.xib in Resources */,
				6FC2705D142C81C100BAEE9C /* FixedSizeViewController.xib in Resources */,
				6FC2705F142C81C100BAEE9C /* HeavyViewController.xib in Resources */,
				6FC27061142C81C100BAEE9C /* LandscapeOnlyViewController.xib in Resources */,
				6FC27063142C81C100BAEE9C /* LifeCycleTestViewController.xib in Resources */,
				6FC27065142C81C100BAEE9C /* MemoryWarningTestCoverViewController.xib in Resources */,
				6FC27066142C81C100BAEE9C /* OrientationClonerLargeViewControllerLandscape.xib in Resources */,
				6FC27067142C81C100BAEE9C /* OrientationClonerLargeViewControllerPortrait.xib in Resources */,
				6FC27069142C81C100BAEE9C /* OrientationClonerViewControllerLandscape.xib in Resources */,
				6FC2706A142C81C100BAEE9C /* OrientationClonerViewControllerPortrait.xib in Resources */,
				6FC2706C142C81C100BAEE9C /* PortraitOnlyViewController.xib in Resources */,
				6FC2706D142C81C100BAEE9C /* StretchableLargeViewController.xib in Resources */,
				6FC2706F142C81C100BAEE9C /* StretchableViewController.xib in Resources */,
				6FC27071142C81C100BAEE9C /* TransparentViewController.xib in Resources */,
				6FC27073142C81C100BAEE9C /* PDFGenerationDemoLayoutController.xib in Resources */,
				6FC27075142C81C100BAEE9C /* PDFGenerationDemoLayoutFooterView.xib in Resources */,
				6FC27077142C81C100BAEE9C /* PDFGenerationDemoLayoutHeaderView.xib in Resources */,
				6FC27079142C81C100BAEE9C /* PDFGenerationDemoLayoutTableViewCell.xib in Resources */,
				6FC2707B142C81C100BAEE9C /* PDFGenerationDemoViewController.xib in Resources */,
				6FC2707D142C81C100BAEE9C /* ParallelProcessingDemoViewController.xib in Resources */,
				6FC27081142C81C100BAEE9C /* ActionSheetDemoViewController.xib in Resources */,
				6FC27083142C81C100BAEE9C /* CursorCustomPointerView.xib in Resources */,
				6FC27085142C81C100BAEE9C /* CursorDemoViewController.xib in Resources */,
				6FC27087142C81C100BAEE9C /* CursorFolderView.xib in Resources */,
				6FC27089142C81C100BAEE9C /* CursorPointerInfoViewController.xib in Resources */,
				6FC2708B142C81C100BAEE9C /* CursorSelectedFolderView.xib in Resources */,
				6FC2708D142C81C100BAEE9C /* StripsDemoViewController.xib in Resources */,
				6FC2708F142C81C100BAEE9C /* FooterView.xib in Resources */,
				6FC27091142C81C100BAEE9C /* HeaderView.xib in Resources */,
				6FC27095142C81C100BAEE9C /* XibTableViewCell.xib in Resources */,
				6FC27097142C81C100BAEE9C /* TextFieldsDemoViewController.xib in Resources */,
				6FC27098142C81C100BAEE9C /* TextFieldsLargeDemoViewController.xib in Resources */,
				6FC2709A142C81C100BAEE9C /* PlaceholderDemoViewController.xib in Resources */,
				6FC2709C142C81C100BAEE9C /* RootStackDemoViewController.xib in Resources */,
				6FC2709E142C81C100BAEE9C /* StackDemoViewController.xib in Resources */,
				6FC270A1142C81C100BAEE9C /* TableSearchDisplayDemoViewController.xib in Resources */,
				6FC270A4142C81C100BAEE9C /* WizardDemoViewController.xib in Resources */,
				6FC270A6142C81C100BAEE9C /* WizardPageViewController.xib in Resources */,
			);
			runOnlyForDeploymentPostprocessing = 0;
		};
/* End PBXResourcesBuildPhase section */

/* Begin PBXSourcesBuildPhase section */
		1D60588E0D05DD3D006BFB54 /* Sources */ = {
			isa = PBXSourcesBuildPhase;
			buildActionMask = 2147483647;
			files = (
				1D60589B0D05DD56006BFB54 /* main.m in Sources */,
				6FEDD6E5141E455C00D59BFC /* CoconutKit_bootstrap.m in Sources */,
				6FC27052142C81C100BAEE9C /* CoconutKit_demoAppDelegate.m in Sources */,
				6FC27054142C81C100BAEE9C /* CoconutKit_demoApplication.m in Sources */,
				6FC27055142C81C100BAEE9C /* MultipleViewsAnimationDemoViewController.m in Sources */,
				6FC27057142C81C100BAEE9C /* SingleViewAnimationDemoViewController.m in Sources */,
				6FC27059142C81C100BAEE9C /* ContainerCustomizationViewController.m in Sources */,
				6FC2705C142C81C100BAEE9C /* FixedSizeViewController.m in Sources */,
				6FC2705E142C81C100BAEE9C /* HeavyViewController.m in Sources */,
				6FC27060142C81C100BAEE9C /* LandscapeOnlyViewController.m in Sources */,
				6FC27062142C81C100BAEE9C /* LifeCycleTestViewController.m in Sources */,
				6FC27064142C81C100BAEE9C /* MemoryWarningTestCoverViewController.m in Sources */,
				6FC27068142C81C100BAEE9C /* OrientationClonerViewController.m in Sources */,
				6FC2706B142C81C100BAEE9C /* PortraitOnlyViewController.m in Sources */,
				6FC2706E142C81C100BAEE9C /* StretchableViewController.m in Sources */,
				6FC27070142C81C100BAEE9C /* TransparentViewController.m in Sources */,
				6FC27072142C81C100BAEE9C /* PDFGenerationDemoLayoutController.m in Sources */,
				6FC27074142C81C100BAEE9C /* PDFGenerationDemoLayoutFooterView.m in Sources */,
				6FC27076142C81C100BAEE9C /* PDFGenerationDemoLayoutHeaderView.m in Sources */,
				6FC27078142C81C100BAEE9C /* PDFGenerationDemoLayoutTableViewCell.m in Sources */,
				6FC2707A142C81C100BAEE9C /* PDFGenerationDemoViewController.m in Sources */,
				6FC2707C142C81C100BAEE9C /* ParallelProcessingDemoViewController.m in Sources */,
				6FC2707E142C81C100BAEE9C /* SleepTask.m in Sources */,
				6FC2707F142C81C100BAEE9C /* SleepTaskOperation.m in Sources */,
				6FC27080142C81C100BAEE9C /* ActionSheetDemoViewController.m in Sources */,
				6FC27082142C81C100BAEE9C /* CursorCustomPointerView.m in Sources */,
				6FC27084142C81C100BAEE9C /* CursorDemoViewController.m in Sources */,
				6FC27086142C81C100BAEE9C /* CursorFolderView.m in Sources */,
				6FC27088142C81C100BAEE9C /* CursorPointerInfoViewController.m in Sources */,
				6FC2708A142C81C100BAEE9C /* CursorSelectedFolderView.m in Sources */,
				6FC2708C142C81C100BAEE9C /* StripsDemoViewController.m in Sources */,
				6FC2708E142C81C100BAEE9C /* FooterView.m in Sources */,
				6FC27090142C81C100BAEE9C /* HeaderView.m in Sources */,
				6FC27092142C81C100BAEE9C /* ProgrammaticTableViewCell.m in Sources */,
				6FC27093142C81C100BAEE9C /* TableViewCellsDemoViewController.m in Sources */,
				6FC27094142C81C100BAEE9C /* XibTableViewCell.m in Sources */,
				6FC27096142C81C100BAEE9C /* TextFieldsDemoViewController.m in Sources */,
				6FC27099142C81C100BAEE9C /* PlaceholderDemoViewController.m in Sources */,
				6FC2709B142C81C100BAEE9C /* RootStackDemoViewController.m in Sources */,
				6FC2709D142C81C100BAEE9C /* StackDemoViewController.m in Sources */,
				6FC2709F142C81C100BAEE9C /* DeviceInfo.m in Sources */,
				6FC270A0142C81C100BAEE9C /* TableSearchDisplayDemoViewController.m in Sources */,
				6FC270A2142C81C100BAEE9C /* Customer.m in Sources */,
				6FC270A3142C81C100BAEE9C /* WizardDemoViewController.m in Sources */,
				6FC270A5142C81C100BAEE9C /* WizardPageViewController.m in Sources */,
				6FC270A7142C81C100BAEE9C /* DemosListViewController.m in Sources */,
			);
			runOnlyForDeploymentPostprocessing = 0;
		};
/* End PBXSourcesBuildPhase section */

/* Begin PBXVariantGroup section */
		6FBDA7A61303EE9B004B9617 /* Localizable.strings */ = {
			isa = PBXVariantGroup;
			children = (
				6FBDA7A71303EE9B004B9617 /* en */,
				6FBDA7A91303EEAD004B9617 /* fr */,
			);
			name = Localizable.strings;
			sourceTree = "<group>";
		};
		6FEDD6DD141E455C00D59BFC /* CoconutKit_Localizable.strings */ = {
			isa = PBXVariantGroup;
			children = (
				6FEDD6DE141E455C00D59BFC /* de */,
				6FEDD6DF141E455C00D59BFC /* en */,
				6FEDD6E0141E455C00D59BFC /* es */,
				6FEDD6E1141E455C00D59BFC /* fr */,
				6FEDD6E2141E455C00D59BFC /* it */,
				6FEDD6E3141E455C00D59BFC /* ja */,
				6FEDD6E4141E455C00D59BFC /* ko */,
			);
			name = CoconutKit_Localizable.strings;
			sourceTree = "<group>";
		};
/* End PBXVariantGroup section */

/* Begin XCBuildConfiguration section */
		1D6058940D05DD3E006BFB54 /* Debug */ = {
			isa = XCBuildConfiguration;
			buildSettings = {
				ALWAYS_SEARCH_USER_PATHS = NO;
				COPY_PHASE_STRIP = NO;
				FRAMEWORK_SEARCH_PATHS = (
					"$(inherited)",
					"\"/LeStudioSDK/Binaries/CoconutKit/CoconutKit-trunk-$(CONFIGURATION).staticframework\"",
				);
				GCC_DYNAMIC_NO_PIC = NO;
				GCC_OPTIMIZATION_LEVEL = 0;
				GCC_PRECOMPILE_PREFIX_HEADER = YES;
				GCC_PREFIX_HEADER = "CoconutKit-demo-Prefix.pch";
				GCC_VERSION = com.apple.compilers.llvmgcc42;
				INFOPLIST_FILE = "CoconutKit-demo-Info.plist";
				OTHER_CFLAGS = "-DHLS_LOGGER";
				PRODUCT_NAME = "CoconutKit-demo";
			};
			name = Debug;
		};
		1D6058950D05DD3E006BFB54 /* Release */ = {
			isa = XCBuildConfiguration;
			buildSettings = {
				ALWAYS_SEARCH_USER_PATHS = NO;
				COPY_PHASE_STRIP = YES;
				FRAMEWORK_SEARCH_PATHS = (
					"$(inherited)",
					"\"/LeStudioSDK/Binaries/CoconutKit/CoconutKit-trunk-$(CONFIGURATION).staticframework\"",
				);
				GCC_PRECOMPILE_PREFIX_HEADER = YES;
				GCC_PREFIX_HEADER = "CoconutKit-demo-Prefix.pch";
				GCC_VERSION = com.apple.compilers.llvmgcc42;
				INFOPLIST_FILE = "CoconutKit-demo-Info.plist";
				PRODUCT_NAME = "CoconutKit-demo";
				VALIDATE_PRODUCT = YES;
			};
			name = Release;
		};
		C01FCF4F08A954540054247B /* Debug */ = {
			isa = XCBuildConfiguration;
			buildSettings = {
				ARCHS = "$(ARCHS_UNIVERSAL_IPHONE_OS)";
				"CODE_SIGN_IDENTITY[sdk=iphoneos*]" = "iPhone Developer: le studio hortis (36HKZU4CJJ)";
				GCC_C_LANGUAGE_STANDARD = c99;
				GCC_TREAT_IMPLICIT_FUNCTION_DECLARATIONS_AS_ERRORS = YES;
				GCC_WARN_ABOUT_MISSING_FIELD_INITIALIZERS = YES;
				GCC_WARN_ABOUT_MISSING_NEWLINE = YES;
				GCC_WARN_ABOUT_RETURN_TYPE = YES;
				GCC_WARN_CHECK_SWITCH_STATEMENTS = YES;
				GCC_WARN_MISSING_PARENTHESES = YES;
				GCC_WARN_UNDECLARED_SELECTOR = YES;
				GCC_WARN_UNKNOWN_PRAGMAS = YES;
				GCC_WARN_UNUSED_FUNCTION = YES;
				GCC_WARN_UNUSED_LABEL = YES;
				GCC_WARN_UNUSED_VALUE = YES;
				GCC_WARN_UNUSED_VARIABLE = YES;
				IPHONEOS_DEPLOYMENT_TARGET = 3.2;
				"PROVISIONING_PROFILE[sdk=iphoneos*]" = "826F178B-1B43-454E-AF7C-4D1ED1DB62CF";
				SDKROOT = iphoneos;
				TARGETED_DEVICE_FAMILY = 2;
			};
			name = Debug;
		};
		C01FCF5008A954540054247B /* Release */ = {
			isa = XCBuildConfiguration;
			buildSettings = {
				ARCHS = "$(ARCHS_UNIVERSAL_IPHONE_OS)";
				"CODE_SIGN_IDENTITY[sdk=iphoneos*]" = "iPhone Developer";
				GCC_C_LANGUAGE_STANDARD = c99;
				GCC_TREAT_IMPLICIT_FUNCTION_DECLARATIONS_AS_ERRORS = YES;
				GCC_WARN_ABOUT_MISSING_FIELD_INITIALIZERS = YES;
				GCC_WARN_ABOUT_MISSING_NEWLINE = YES;
				GCC_WARN_ABOUT_RETURN_TYPE = YES;
				GCC_WARN_CHECK_SWITCH_STATEMENTS = YES;
				GCC_WARN_MISSING_PARENTHESES = YES;
				GCC_WARN_UNDECLARED_SELECTOR = YES;
				GCC_WARN_UNKNOWN_PRAGMAS = YES;
				GCC_WARN_UNUSED_FUNCTION = YES;
				GCC_WARN_UNUSED_LABEL = YES;
				GCC_WARN_UNUSED_VALUE = YES;
				GCC_WARN_UNUSED_VARIABLE = YES;
				IPHONEOS_DEPLOYMENT_TARGET = 3.2;
				OTHER_CFLAGS = "-DNS_BLOCK_ASSERTIONS=1";
				SDKROOT = iphoneos;
				TARGETED_DEVICE_FAMILY = 2;
			};
			name = Release;
		};
/* End XCBuildConfiguration section */

/* Begin XCConfigurationList section */
		1D6058960D05DD3E006BFB54 /* Build configuration list for PBXNativeTarget "CoconutKit-demo" */ = {
			isa = XCConfigurationList;
			buildConfigurations = (
				1D6058940D05DD3E006BFB54 /* Debug */,
				1D6058950D05DD3E006BFB54 /* Release */,
			);
			defaultConfigurationIsVisible = 0;
			defaultConfigurationName = Release;
		};
		C01FCF4E08A954540054247B /* Build configuration list for PBXProject "CoconutKit-demo" */ = {
			isa = XCConfigurationList;
			buildConfigurations = (
				C01FCF4F08A954540054247B /* Debug */,
				C01FCF5008A954540054247B /* Release */,
			);
			defaultConfigurationIsVisible = 0;
			defaultConfigurationName = Release;
		};
/* End XCConfigurationList section */
	};
	rootObject = 29B97313FDCFA39411CA2CEA /* Project object */;
}
